Microsoft Visual Studio Solution File, Format Version 12.00
# Visual Studio 15
Project("{2150E333-8FDC-42A3-9474-1A3956D46DE8}") = "CMakePredefinedTargets", "CMakePredefinedTargets", "{3CBA1518-AE30-39FE-9AC4-D020C774C6FE}"
EndProject
Project("{2150E333-8FDC-42A3-9474-1A3956D46DE8}") = "GLFW3", "GLFW3", "{FB87D011-DFBF-3377-80F2-C2F3B8C71808}"
EndProject
Project("{2150E333-8FDC-42A3-9474-1A3956D46DE8}") = "Examples", "GLFW3\Examples", "{53394703-CB49-35D2-8958-A71763E0DC9B}"
EndProject
Project("{2150E333-8FDC-42A3-9474-1A3956D46DE8}") = "Tests", "GLFW3\Tests", "{0D9408F1-4E1E-3FF8-BD97-BFEA4B5DAC76}"
EndProject
Project("{8BC9CEB8-8B4A-11D0-8D11-00A0C91BC942}") = "ALL_BUILD", "ALL_BUILD.vcxproj", "{E097B4C6-0C49-3F90-B140-6A7E07607996}"
	ProjectSection(ProjectDependencies) = postProject
		{99527B28-D733-399A-93CD-B46609C106AE} = {99527B28-D733-399A-93CD-B46609C106AE}
		{2D3F0F33-FB54-35E5-8D5C-5226A5CFEB47} = {2D3F0F33-FB54-35E5-8D5C-5226A5CFEB47}
		{C782FAAD-798B-305B-A351-646D432E737E} = {C782FAAD-798B-305B-A351-646D432E737E}
		{131AB1AB-B99A-3832-9C57-9CE44A2A82B2} = {131AB1AB-B99A-3832-9C57-9CE44A2A82B2}
		{8A44236C-853D-319E-B12B-BBE36523F68F} = {8A44236C-853D-319E-B12B-BBE36523F68F}
		{4FF7A6CF-B2B8-3224-BA47-3CEC1DEEC0DC} = {4FF7A6CF-B2B8-3224-BA47-3CEC1DEEC0DC}
		{A26B533F-4140-3CD1-AB89-5F265065645A} = {A26B533F-4140-3CD1-AB89-5F265065645A}
		{B6F22EDE-886D-36AE-8482-5520FE0563CB} = {B6F22EDE-886D-36AE-8482-5520FE0563CB}
		{554D218E-EDC4-31F6-AA4D-0E4D732E4B98} = {554D218E-EDC4-31F6-AA4D-0E4D732E4B98}
		{ECB00320-A89F-3B2E-BB82-A1ADF59A0665} = {ECB00320-A89F-3B2E-BB82-A1ADF59A0665}
		{666033E9-4A11-33C2-99C1-68F846FC0C3D} = {666033E9-4A11-33C2-99C1-68F846FC0C3D}
		{C8A67628-3DEA-3D0F-A255-CE4F34C10A61} = {C8A67628-3DEA-3D0F-A255-CE4F34C10A61}
		{8C2ABC86-DEFF-3711-AA95-B80C874999A3} = {8C2ABC86-DEFF-3711-AA95-B80C874999A3}
		{0672960C-F081-3595-B5B1-FE2D2CA85725} = {0672960C-F081-3595-B5B1-FE2D2CA85725}
		{0A4BCB82-29A5-36DE-A5D7-95ABD343DD65} = {0A4BCB82-29A5-36DE-A5D7-95ABD343DD65}
		{ADF98A35-22B5-3BC0-8DF9-D860B7C03811} = {ADF98A35-22B5-3BC0-8DF9-D860B7C03811}
		{372B37EA-BF60-33AC-87A3-08F4473018D8} = {372B37EA-BF60-33AC-87A3-08F4473018D8}
		{2A9948C9-B509-3210-9850-E1F0B623704B} = {2A9948C9-B509-3210-9850-E1F0B623704B}
		{532741CB-8BA2-320E-A452-3C7C69F9136F} = {532741CB-8BA2-320E-A452-3C7C69F9136F}
		{5161DB5F-1B37-396B-8265-1D68350D5D51} = {5161DB5F-1B37-396B-8265-1D68350D5D51}
		{D9017738-E8D1-316D-89D6-C315DC108645} = {D9017738-E8D1-316D-89D6-C315DC108645}
		{D5C633D3-B444-378C-90CF-6CF0B86A3D52} = {D5C633D3-B444-378C-90CF-6CF0B86A3D52}
		{8923693E-2242-335D-B47A-7D2E3099BA79} = {8923693E-2242-335D-B47A-7D2E3099BA79}
		{10A68236-B19C-30EF-BCDE-171C77BC697E} = {10A68236-B19C-30EF-BCDE-171C77BC697E}
		{95BB348A-A503-316C-AD0F-F2B68E70B7B4} = {95BB348A-A503-316C-AD0F-F2B68E70B7B4}
		{3CB237E5-9DA8-3CA3-8D53-9BF03900DFDE} = {3CB237E5-9DA8-3CA3-8D53-9BF03900DFDE}
		{D5636045-5D94-3ADC-8A07-625FB08C226B} = {D5636045-5D94-3ADC-8A07-625FB08C226B}
		{55B116E8-F03B-30A1-8125-983CAD47FBF7} = {55B116E8-F03B-30A1-8125-983CAD47FBF7}
		{76BDB127-6645-35A9-B422-340C2D6A9DE7} = {76BDB127-6645-35A9-B422-340C2D6A9DE7}
		{0B1D5204-A87E-33CE-8BD9-81D1404212FC} = {0B1D5204-A87E-33CE-8BD9-81D1404212FC}
		{EA0656FE-4007-33DC-8C04-8ED82D459A2E} = {EA0656FE-4007-33DC-8C04-8ED82D459A2E}
		{AA1E394F-4836-3BD8-B9AF-7ADE75537D02} = {AA1E394F-4836-3BD8-B9AF-7ADE75537D02}
		{844FE4C3-DAC0-3705-A515-D329C42BB7F8} = {844FE4C3-DAC0-3705-A515-D329C42BB7F8}
		{B38FE73B-8131-374D-9929-5DFCEC6F7AF2} = {B38FE73B-8131-374D-9929-5DFCEC6F7AF2}
		{6DFBEB5D-B11E-381E-89BA-446AE0D6CD7E} = {6DFBEB5D-B11E-381E-89BA-446AE0D6CD7E}
		{1B7A30E8-6092-353E-A88C-C53F11E63F4E} = {1B7A30E8-6092-353E-A88C-C53F11E63F4E}
		{9413ECFA-0239-31EB-A7E5-DF216E365F64} = {9413ECFA-0239-31EB-A7E5-DF216E365F64}
		{E47CD2BB-9FEA-3D98-9057-946E87F2D69D} = {E47CD2BB-9FEA-3D98-9057-946E87F2D69D}
		{3AF106AC-3025-34D7-A749-BBBFDD978531} = {3AF106AC-3025-34D7-A749-BBBFDD978531}
		{00CD2613-43C3-362B-94FB-2340E26BD06C} = {00CD2613-43C3-362B-94FB-2340E26BD06C}
		{99DBD9D2-93BE-3008-AAE8-36120CB84117} = {99DBD9D2-93BE-3008-AAE8-36120CB84117}
		{6813E51C-9122-3281-ABDD-BAE0B5E7B8BF} = {6813E51C-9122-3281-ABDD-BAE0B5E7B8BF}
		{6F282005-86D0-38DC-B3A6-88C704453399} = {6F282005-86D0-38DC-B3A6-88C704453399}
		{6EFC5DD3-5603-3EF3-83E6-F4707ADD4271} = {6EFC5DD3-5603-3EF3-83E6-F4707ADD4271}
		{088FC20E-509C-39B8-AE68-D6F6706EBBB9} = {088FC20E-509C-39B8-AE68-D6F6706EBBB9}
		{19279F5A-BA4C-375D-B613-1140F72010B3} = {19279F5A-BA4C-375D-B613-1140F72010B3}
		{3FFA347C-B905-310E-9BB2-4370FF76A8EB} = {3FFA347C-B905-310E-9BB2-4370FF76A8EB}
		{1D2B9B59-37AB-361A-AEDC-0B9E4D5E3B43} = {1D2B9B59-37AB-361A-AEDC-0B9E4D5E3B43}
		{7A7A77D2-D76B-38F6-92DE-674D6C181CFE} = {7A7A77D2-D76B-38F6-92DE-674D6C181CFE}
		{3DB60EEB-015D-3145-9660-1B35D61D2DB5} = {3DB60EEB-015D-3145-9660-1B35D61D2DB5}
		{D19A64D5-A8D9-3032-A4EF-8EFA23073CA9} = {D19A64D5-A8D9-3032-A4EF-8EFA23073CA9}
		{A098ED9E-EDAE-3C02-8EA5-C19E26EA52B7} = {A098ED9E-EDAE-3C02-8EA5-C19E26EA52B7}
		{B3B7F471-96E1-3ABA-82B9-F9B50569B3B4} = {B3B7F471-96E1-3ABA-82B9-F9B50569B3B4}
		{6580DA8B-C6A0-3DB9-98D8-4771C122460F} = {6580DA8B-C6A0-3DB9-98D8-4771C122460F}
		{6677AD8D-E3EC-377E-94B3-5BE78617BFF4} = {6677AD8D-E3EC-377E-94B3-5BE78617BFF4}
		{DF9D1922-E4AA-3FB6-9C80-975006E91E8A} = {DF9D1922-E4AA-3FB6-9C80-975006E91E8A}
		{C099410B-09A0-368C-A63F-B2019E7E316B} = {C099410B-09A0-368C-A63F-B2019E7E316B}
		{ABA192F9-E776-33F7-85EA-3C31FC3C25A7} = {ABA192F9-E776-33F7-85EA-3C31FC3C25A7}
		{B98745C1-C1AC-397E-90C3-BD30E2162B9D} = {B98745C1-C1AC-397E-90C3-BD30E2162B9D}
	EndProjectSection
EndProject
Project("{8BC9CEB8-8B4A-11D0-8D11-00A0C91BC942}") = "ANTTWEAKBAR_116_OGLCORE_GLFW", "external\ANTTWEAKBAR_116_OGLCORE_GLFW.vcxproj", "{99527B28-D733-399A-93CD-B46609C106AE}"
	ProjectSection(ProjectDependencies) = postProject
		{A26B533F-4140-3CD1-AB89-5F265065645A} = {A26B533F-4140-3CD1-AB89-5F265065645A}
	EndProjectSection
EndProject
Project("{8BC9CEB8-8B4A-11D0-8D11-00A0C91BC942}") = "BulletCollision", "external\bullet-2.81-rev2613\src\BulletCollision\BulletCollision.vcxproj", "{2D3F0F33-FB54-35E5-8D5C-5226A5CFEB47}"
	ProjectSection(ProjectDependencies) = postProject
		{4FF7A6CF-B2B8-3224-BA47-3CEC1DEEC0DC} = {4FF7A6CF-B2B8-3224-BA47-3CEC1DEEC0DC}
		{A26B533F-4140-3CD1-AB89-5F265065645A} = {A26B533F-4140-3CD1-AB89-5F265065645A}
	EndProjectSection
EndProject
Project("{8BC9CEB8-8B4A-11D0-8D11-00A0C91BC942}") = "BulletDynamics", "external\bullet-2.81-rev2613\src\BulletDynamics\BulletDynamics.vcxproj", "{C782FAAD-798B-305B-A351-646D432E737E}"
	ProjectSection(ProjectDependencies) = postProject
		{2D3F0F33-FB54-35E5-8D5C-5226A5CFEB47} = {2D3F0F33-FB54-35E5-8D5C-5226A5CFEB47}
		{4FF7A6CF-B2B8-3224-BA47-3CEC1DEEC0DC} = {4FF7A6CF-B2B8-3224-BA47-3CEC1DEEC0DC}
		{A26B533F-4140-3CD1-AB89-5F265065645A} = {A26B533F-4140-3CD1-AB89-5F265065645A}
	EndProjectSection
EndProject
Project("{8BC9CEB8-8B4A-11D0-8D11-00A0C91BC942}") = "BulletSoftBody", "external\bullet-2.81-rev2613\src\BulletSoftBody\BulletSoftBody.vcxproj", "{131AB1AB-B99A-3832-9C57-9CE44A2A82B2}"
	ProjectSection(ProjectDependencies) = postProject
		{2D3F0F33-FB54-35E5-8D5C-5226A5CFEB47} = {2D3F0F33-FB54-35E5-8D5C-5226A5CFEB47}
		{C782FAAD-798B-305B-A351-646D432E737E} = {C782FAAD-798B-305B-A351-646D432E737E}
		{4FF7A6CF-B2B8-3224-BA47-3CEC1DEEC0DC} = {4FF7A6CF-B2B8-3224-BA47-3CEC1DEEC0DC}
		{A26B533F-4140-3CD1-AB89-5F265065645A} = {A26B533F-4140-3CD1-AB89-5F265065645A}
	EndProjectSection
EndProject
Project("{8BC9CEB8-8B4A-11D0-8D11-00A0C91BC942}") = "GLEW_1130", "external\GLEW_1130.vcxproj", "{8A44236C-853D-319E-B12B-BBE36523F68F}"
	ProjectSection(ProjectDependencies) = postProject
		{A26B533F-4140-3CD1-AB89-5F265065645A} = {A26B533F-4140-3CD1-AB89-5F265065645A}
	EndProjectSection
EndProject
Project("{8BC9CEB8-8B4A-11D0-8D11-00A0C91BC942}") = "INSTALL", "INSTALL.vcxproj", "{9718FED6-C047-39C7-A640-532A3AC553AF}"
	ProjectSection(ProjectDependencies) = postProject
		{E097B4C6-0C49-3F90-B140-6A7E07607996} = {E097B4C6-0C49-3F90-B140-6A7E07607996}
		{A26B533F-4140-3CD1-AB89-5F265065645A} = {A26B533F-4140-3CD1-AB89-5F265065645A}
	EndProjectSection
EndProject
Project("{8BC9CEB8-8B4A-11D0-8D11-00A0C91BC942}") = "LinearMath", "external\bullet-2.81-rev2613\src\LinearMath\LinearMath.vcxproj", "{4FF7A6CF-B2B8-3224-BA47-3CEC1DEEC0DC}"
	ProjectSection(ProjectDependencies) = postProject
		{A26B533F-4140-3CD1-AB89-5F265065645A} = {A26B533F-4140-3CD1-AB89-5F265065645A}
	EndProjectSection
EndProject
Project("{8BC9CEB8-8B4A-11D0-8D11-00A0C91BC942}") = "ZERO_CHECK", "ZERO_CHECK.vcxproj", "{A26B533F-4140-3CD1-AB89-5F265065645A}"
	ProjectSection(ProjectDependencies) = postProject
	EndProjectSection
EndProject
Project("{8BC9CEB8-8B4A-11D0-8D11-00A0C91BC942}") = "assimp", "external\assimp-3.0.1270\code\assimp.vcxproj", "{B6F22EDE-886D-36AE-8482-5520FE0563CB}"
	ProjectSection(ProjectDependencies) = postProject
		{A26B533F-4140-3CD1-AB89-5F265065645A} = {A26B533F-4140-3CD1-AB89-5F265065645A}
		{B98745C1-C1AC-397E-90C3-BD30E2162B9D} = {B98745C1-C1AC-397E-90C3-BD30E2162B9D}
	EndProjectSection
EndProject
Project("{8BC9CEB8-8B4A-11D0-8D11-00A0C91BC942}") = "boing", "external\glfw-3.1.2\examples\boing.vcxproj", "{554D218E-EDC4-31F6-AA4D-0E4D732E4B98}"
	ProjectSection(ProjectDependencies) = postProject
		{A26B533F-4140-3CD1-AB89-5F265065645A} = {A26B533F-4140-3CD1-AB89-5F265065645A}
		{ADF98A35-22B5-3BC0-8DF9-D860B7C03811} = {ADF98A35-22B5-3BC0-8DF9-D860B7C03811}
	EndProjectSection
EndProject
Project("{8BC9CEB8-8B4A-11D0-8D11-00A0C91BC942}") = "clipboard", "external\glfw-3.1.2\tests\clipboard.vcxproj", "{ECB00320-A89F-3B2E-BB82-A1ADF59A0665}"
	ProjectSection(ProjectDependencies) = postProject
		{A26B533F-4140-3CD1-AB89-5F265065645A} = {A26B533F-4140-3CD1-AB89-5F265065645A}
		{ADF98A35-22B5-3BC0-8DF9-D860B7C03811} = {ADF98A35-22B5-3BC0-8DF9-D860B7C03811}
	EndProjectSection
EndProject
Project("{8BC9CEB8-8B4A-11D0-8D11-00A0C91BC942}") = "cursor", "external\glfw-3.1.2\tests\cursor.vcxproj", "{666033E9-4A11-33C2-99C1-68F846FC0C3D}"
	ProjectSection(ProjectDependencies) = postProject
		{A26B533F-4140-3CD1-AB89-5F265065645A} = {A26B533F-4140-3CD1-AB89-5F265065645A}
		{ADF98A35-22B5-3BC0-8DF9-D860B7C03811} = {ADF98A35-22B5-3BC0-8DF9-D860B7C03811}
	EndProjectSection
EndProject
Project("{8BC9CEB8-8B4A-11D0-8D11-00A0C91BC942}") = "empty", "external\glfw-3.1.2\tests\empty.vcxproj", "{C8A67628-3DEA-3D0F-A255-CE4F34C10A61}"
	ProjectSection(ProjectDependencies) = postProject
		{A26B533F-4140-3CD1-AB89-5F265065645A} = {A26B533F-4140-3CD1-AB89-5F265065645A}
		{ADF98A35-22B5-3BC0-8DF9-D860B7C03811} = {ADF98A35-22B5-3BC0-8DF9-D860B7C03811}
	EndProjectSection
EndProject
Project("{8BC9CEB8-8B4A-11D0-8D11-00A0C91BC942}") = "events", "external\glfw-3.1.2\tests\events.vcxproj", "{8C2ABC86-DEFF-3711-AA95-B80C874999A3}"
	ProjectSection(ProjectDependencies) = postProject
		{A26B533F-4140-3CD1-AB89-5F265065645A} = {A26B533F-4140-3CD1-AB89-5F265065645A}
		{ADF98A35-22B5-3BC0-8DF9-D860B7C03811} = {ADF98A35-22B5-3BC0-8DF9-D860B7C03811}
	EndProjectSection
EndProject
Project("{8BC9CEB8-8B4A-11D0-8D11-00A0C91BC942}") = "gamma", "external\glfw-3.1.2\tests\gamma.vcxproj", "{0672960C-F081-3595-B5B1-FE2D2CA85725}"
	ProjectSection(ProjectDependencies) = postProject
		{A26B533F-4140-3CD1-AB89-5F265065645A} = {A26B533F-4140-3CD1-AB89-5F265065645A}
		{ADF98A35-22B5-3BC0-8DF9-D860B7C03811} = {ADF98A35-22B5-3BC0-8DF9-D860B7C03811}
	EndProjectSection
EndProject
Project("{8BC9CEB8-8B4A-11D0-8D11-00A0C91BC942}") = "gears", "external\glfw-3.1.2\examples\gears.vcxproj", "{0A4BCB82-29A5-36DE-A5D7-95ABD343DD65}"
	ProjectSection(ProjectDependencies) = postProject
		{A26B533F-4140-3CD1-AB89-5F265065645A} = {A26B533F-4140-3CD1-AB89-5F265065645A}
		{ADF98A35-22B5-3BC0-8DF9-D860B7C03811} = {ADF98A35-22B5-3BC0-8DF9-D860B7C03811}
	EndProjectSection
EndProject
Project("{8BC9CEB8-8B4A-11D0-8D11-00A0C91BC942}") = "glfw", "external\glfw-3.1.2\src\glfw.vcxproj", "{ADF98A35-22B5-3BC0-8DF9-D860B7C03811}"
	ProjectSection(ProjectDependencies) = postProject
		{A26B533F-4140-3CD1-AB89-5F265065645A} = {A26B533F-4140-3CD1-AB89-5F265065645A}
	EndProjectSection
EndProject
Project("{8BC9CEB8-8B4A-11D0-8D11-00A0C91BC942}") = "glfwinfo", "external\glfw-3.1.2\tests\glfwinfo.vcxproj", "{372B37EA-BF60-33AC-87A3-08F4473018D8}"
	ProjectSection(ProjectDependencies) = postProject
		{A26B533F-4140-3CD1-AB89-5F265065645A} = {A26B533F-4140-3CD1-AB89-5F265065645A}
		{ADF98A35-22B5-3BC0-8DF9-D860B7C03811} = {ADF98A35-22B5-3BC0-8DF9-D860B7C03811}
	EndProjectSection
EndProject
Project("{8BC9CEB8-8B4A-11D0-8D11-00A0C91BC942}") = "heightmap", "external\glfw-3.1.2\examples\heightmap.vcxproj", "{2A9948C9-B509-3210-9850-E1F0B623704B}"
	ProjectSection(ProjectDependencies) = postProject
		{A26B533F-4140-3CD1-AB89-5F265065645A} = {A26B533F-4140-3CD1-AB89-5F265065645A}
		{ADF98A35-22B5-3BC0-8DF9-D860B7C03811} = {ADF98A35-22B5-3BC0-8DF9-D860B7C03811}
	EndProjectSection
EndProject
Project("{8BC9CEB8-8B4A-11D0-8D11-00A0C91BC942}") = "iconify", "external\glfw-3.1.2\tests\iconify.vcxproj", "{532741CB-8BA2-320E-A452-3C7C69F9136F}"
	ProjectSection(ProjectDependencies) = postProject
		{A26B533F-4140-3CD1-AB89-5F265065645A} = {A26B533F-4140-3CD1-AB89-5F265065645A}
		{ADF98A35-22B5-3BC0-8DF9-D860B7C03811} = {ADF98A35-22B5-3BC0-8DF9-D860B7C03811}
	EndProjectSection
EndProject
Project("{8BC9CEB8-8B4A-11D0-8D11-00A0C91BC942}") = "joysticks", "external\glfw-3.1.2\tests\joysticks.vcxproj", "{5161DB5F-1B37-396B-8265-1D68350D5D51}"
	ProjectSection(ProjectDependencies) = postProject
		{A26B533F-4140-3CD1-AB89-5F265065645A} = {A26B533F-4140-3CD1-AB89-5F265065645A}
		{ADF98A35-22B5-3BC0-8DF9-D860B7C03811} = {ADF98A35-22B5-3BC0-8DF9-D860B7C03811}
	EndProjectSection
EndProject
Project("{8BC9CEB8-8B4A-11D0-8D11-00A0C91BC942}") = "misc05_picking_BulletPhysics", "misc05_picking_BulletPhysics.vcxproj", "{D9017738-E8D1-316D-89D6-C315DC108645}"
	ProjectSection(ProjectDependencies) = postProject
		{99527B28-D733-399A-93CD-B46609C106AE} = {99527B28-D733-399A-93CD-B46609C106AE}
		{2D3F0F33-FB54-35E5-8D5C-5226A5CFEB47} = {2D3F0F33-FB54-35E5-8D5C-5226A5CFEB47}
		{C782FAAD-798B-305B-A351-646D432E737E} = {C782FAAD-798B-305B-A351-646D432E737E}
		{8A44236C-853D-319E-B12B-BBE36523F68F} = {8A44236C-853D-319E-B12B-BBE36523F68F}
		{4FF7A6CF-B2B8-3224-BA47-3CEC1DEEC0DC} = {4FF7A6CF-B2B8-3224-BA47-3CEC1DEEC0DC}
		{A26B533F-4140-3CD1-AB89-5F265065645A} = {A26B533F-4140-3CD1-AB89-5F265065645A}
		{ADF98A35-22B5-3BC0-8DF9-D860B7C03811} = {ADF98A35-22B5-3BC0-8DF9-D860B7C03811}
	EndProjectSection
EndProject
Project("{8BC9CEB8-8B4A-11D0-8D11-00A0C91BC942}") = "misc05_picking_custom", "misc05_picking_custom.vcxproj", "{D5C633D3-B444-378C-90CF-6CF0B86A3D52}"
	ProjectSection(ProjectDependencies) = postProject
		{99527B28-D733-399A-93CD-B46609C106AE} = {99527B28-D733-399A-93CD-B46609C106AE}
		{8A44236C-853D-319E-B12B-BBE36523F68F} = {8A44236C-853D-319E-B12B-BBE36523F68F}
		{A26B533F-4140-3CD1-AB89-5F265065645A} = {A26B533F-4140-3CD1-AB89-5F265065645A}
		{ADF98A35-22B5-3BC0-8DF9-D860B7C03811} = {ADF98A35-22B5-3BC0-8DF9-D860B7C03811}
	EndProjectSection
EndProject
Project("{8BC9CEB8-8B4A-11D0-8D11-00A0C91BC942}") = "misc05_picking_slow_easy", "misc05_picking_slow_easy.vcxproj", "{8923693E-2242-335D-B47A-7D2E3099BA79}"
	ProjectSection(ProjectDependencies) = postProject
		{99527B28-D733-399A-93CD-B46609C106AE} = {99527B28-D733-399A-93CD-B46609C106AE}
		{8A44236C-853D-319E-B12B-BBE36523F68F} = {8A44236C-853D-319E-B12B-BBE36523F68F}
		{A26B533F-4140-3CD1-AB89-5F265065645A} = {A26B533F-4140-3CD1-AB89-5F265065645A}
		{ADF98A35-22B5-3BC0-8DF9-D860B7C03811} = {ADF98A35-22B5-3BC0-8DF9-D860B7C03811}
	EndProjectSection
EndProject
Project("{8BC9CEB8-8B4A-11D0-8D11-00A0C91BC942}") = "monitors", "external\glfw-3.1.2\tests\monitors.vcxproj", "{10A68236-B19C-30EF-BCDE-171C77BC697E}"
	ProjectSection(ProjectDependencies) = postProject
		{A26B533F-4140-3CD1-AB89-5F265065645A} = {A26B533F-4140-3CD1-AB89-5F265065645A}
		{ADF98A35-22B5-3BC0-8DF9-D860B7C03811} = {ADF98A35-22B5-3BC0-8DF9-D860B7C03811}
	EndProjectSection
EndProject
Project("{8BC9CEB8-8B4A-11D0-8D11-00A0C91BC942}") = "msaa", "external\glfw-3.1.2\tests\msaa.vcxproj", "{95BB348A-A503-316C-AD0F-F2B68E70B7B4}"
	ProjectSection(ProjectDependencies) = postProject
		{A26B533F-4140-3CD1-AB89-5F265065645A} = {A26B533F-4140-3CD1-AB89-5F265065645A}
		{ADF98A35-22B5-3BC0-8DF9-D860B7C03811} = {ADF98A35-22B5-3BC0-8DF9-D860B7C03811}
	EndProjectSection
EndProject
Project("{8BC9CEB8-8B4A-11D0-8D11-00A0C91BC942}") = "particles", "external\glfw-3.1.2\examples\particles.vcxproj", "{3CB237E5-9DA8-3CA3-8D53-9BF03900DFDE}"
	ProjectSection(ProjectDependencies) = postProject
		{A26B533F-4140-3CD1-AB89-5F265065645A} = {A26B533F-4140-3CD1-AB89-5F265065645A}
		{ADF98A35-22B5-3BC0-8DF9-D860B7C03811} = {ADF98A35-22B5-3BC0-8DF9-D860B7C03811}
	EndProjectSection
EndProject
Project("{8BC9CEB8-8B4A-11D0-8D11-00A0C91BC942}") = "playground", "playground.vcxproj", "{D5636045-5D94-3ADC-8A07-625FB08C226B}"
	ProjectSection(ProjectDependencies) = postProject
		{8A44236C-853D-319E-B12B-BBE36523F68F} = {8A44236C-853D-319E-B12B-BBE36523F68F}
		{A26B533F-4140-3CD1-AB89-5F265065645A} = {A26B533F-4140-3CD1-AB89-5F265065645A}
		{ADF98A35-22B5-3BC0-8DF9-D860B7C03811} = {ADF98A35-22B5-3BC0-8DF9-D860B7C03811}
	EndProjectSection
EndProject
Project("{8BC9CEB8-8B4A-11D0-8D11-00A0C91BC942}") = "reopen", "external\glfw-3.1.2\tests\reopen.vcxproj", "{55B116E8-F03B-30A1-8125-983CAD47FBF7}"
	ProjectSection(ProjectDependencies) = postProject
		{A26B533F-4140-3CD1-AB89-5F265065645A} = {A26B533F-4140-3CD1-AB89-5F265065645A}
		{ADF98A35-22B5-3BC0-8DF9-D860B7C03811} = {ADF98A35-22B5-3BC0-8DF9-D860B7C03811}
	EndProjectSection
EndProject
Project("{8BC9CEB8-8B4A-11D0-8D11-00A0C91BC942}") = "sharing", "external\glfw-3.1.2\tests\sharing.vcxproj", "{76BDB127-6645-35A9-B422-340C2D6A9DE7}"
	ProjectSection(ProjectDependencies) = postProject
		{A26B533F-4140-3CD1-AB89-5F265065645A} = {A26B533F-4140-3CD1-AB89-5F265065645A}
		{ADF98A35-22B5-3BC0-8DF9-D860B7C03811} = {ADF98A35-22B5-3BC0-8DF9-D860B7C03811}
	EndProjectSection
EndProject
Project("{8BC9CEB8-8B4A-11D0-8D11-00A0C91BC942}") = "simple", "external\glfw-3.1.2\examples\simple.vcxproj", "{0B1D5204-A87E-33CE-8BD9-81D1404212FC}"
	ProjectSection(ProjectDependencies) = postProject
		{A26B533F-4140-3CD1-AB89-5F265065645A} = {A26B533F-4140-3CD1-AB89-5F265065645A}
		{ADF98A35-22B5-3BC0-8DF9-D860B7C03811} = {ADF98A35-22B5-3BC0-8DF9-D860B7C03811}
	EndProjectSection
EndProject
Project("{8BC9CEB8-8B4A-11D0-8D11-00A0C91BC942}") = "splitview", "external\glfw-3.1.2\examples\splitview.vcxproj", "{EA0656FE-4007-33DC-8C04-8ED82D459A2E}"
	ProjectSection(ProjectDependencies) = postProject
		{A26B533F-4140-3CD1-AB89-5F265065645A} = {A26B533F-4140-3CD1-AB89-5F265065645A}
		{ADF98A35-22B5-3BC0-8DF9-D860B7C03811} = {ADF98A35-22B5-3BC0-8DF9-D860B7C03811}
	EndProjectSection
EndProject
Project("{8BC9CEB8-8B4A-11D0-8D11-00A0C91BC942}") = "tearing", "external\glfw-3.1.2\tests\tearing.vcxproj", "{AA1E394F-4836-3BD8-B9AF-7ADE75537D02}"
	ProjectSection(ProjectDependencies) = postProject
		{A26B533F-4140-3CD1-AB89-5F265065645A} = {A26B533F-4140-3CD1-AB89-5F265065645A}
		{ADF98A35-22B5-3BC0-8DF9-D860B7C03811} = {ADF98A35-22B5-3BC0-8DF9-D860B7C03811}
	EndProjectSection
EndProject
Project("{8BC9CEB8-8B4A-11D0-8D11-00A0C91BC942}") = "threads", "external\glfw-3.1.2\tests\threads.vcxproj", "{844FE4C3-DAC0-3705-A515-D329C42BB7F8}"
	ProjectSection(ProjectDependencies) = postProject
		{A26B533F-4140-3CD1-AB89-5F265065645A} = {A26B533F-4140-3CD1-AB89-5F265065645A}
		{ADF98A35-22B5-3BC0-8DF9-D860B7C03811} = {ADF98A35-22B5-3BC0-8DF9-D860B7C03811}
	EndProjectSection
EndProject
Project("{8BC9CEB8-8B4A-11D0-8D11-00A0C91BC942}") = "title", "external\glfw-3.1.2\tests\title.vcxproj", "{B38FE73B-8131-374D-9929-5DFCEC6F7AF2}"
	ProjectSection(ProjectDependencies) = postProject
		{A26B533F-4140-3CD1-AB89-5F265065645A} = {A26B533F-4140-3CD1-AB89-5F265065645A}
		{ADF98A35-22B5-3BC0-8DF9-D860B7C03811} = {ADF98A35-22B5-3BC0-8DF9-D860B7C03811}
	EndProjectSection
EndProject
Project("{8BC9CEB8-8B4A-11D0-8D11-00A0C91BC942}") = "tutorial01_first_window", "tutorial01_first_window.vcxproj", "{6DFBEB5D-B11E-381E-89BA-446AE0D6CD7E}"
	ProjectSection(ProjectDependencies) = postProject
		{8A44236C-853D-319E-B12B-BBE36523F68F} = {8A44236C-853D-319E-B12B-BBE36523F68F}
		{A26B533F-4140-3CD1-AB89-5F265065645A} = {A26B533F-4140-3CD1-AB89-5F265065645A}
		{ADF98A35-22B5-3BC0-8DF9-D860B7C03811} = {ADF98A35-22B5-3BC0-8DF9-D860B7C03811}
	EndProjectSection
EndProject
Project("{8BC9CEB8-8B4A-11D0-8D11-00A0C91BC942}") = "tutorial02_red_triangle", "tutorial02_red_triangle.vcxproj", "{1B7A30E8-6092-353E-A88C-C53F11E63F4E}"
	ProjectSection(ProjectDependencies) = postProject
		{8A44236C-853D-319E-B12B-BBE36523F68F} = {8A44236C-853D-319E-B12B-BBE36523F68F}
		{A26B533F-4140-3CD1-AB89-5F265065645A} = {A26B533F-4140-3CD1-AB89-5F265065645A}
		{ADF98A35-22B5-3BC0-8DF9-D860B7C03811} = {ADF98A35-22B5-3BC0-8DF9-D860B7C03811}
	EndProjectSection
EndProject
Project("{8BC9CEB8-8B4A-11D0-8D11-00A0C91BC942}") = "tutorial03_matrices", "tutorial03_matrices.vcxproj", "{9413ECFA-0239-31EB-A7E5-DF216E365F64}"
	ProjectSection(ProjectDependencies) = postProject
		{8A44236C-853D-319E-B12B-BBE36523F68F} = {8A44236C-853D-319E-B12B-BBE36523F68F}
		{A26B533F-4140-3CD1-AB89-5F265065645A} = {A26B533F-4140-3CD1-AB89-5F265065645A}
		{ADF98A35-22B5-3BC0-8DF9-D860B7C03811} = {ADF98A35-22B5-3BC0-8DF9-D860B7C03811}
	EndProjectSection
EndProject
Project("{8BC9CEB8-8B4A-11D0-8D11-00A0C91BC942}") = "tutorial04_colored_cube", "tutorial04_colored_cube.vcxproj", "{E47CD2BB-9FEA-3D98-9057-946E87F2D69D}"
	ProjectSection(ProjectDependencies) = postProject
		{8A44236C-853D-319E-B12B-BBE36523F68F} = {8A44236C-853D-319E-B12B-BBE36523F68F}
		{A26B533F-4140-3CD1-AB89-5F265065645A} = {A26B533F-4140-3CD1-AB89-5F265065645A}
		{ADF98A35-22B5-3BC0-8DF9-D860B7C03811} = {ADF98A35-22B5-3BC0-8DF9-D860B7C03811}
	EndProjectSection
EndProject
Project("{8BC9CEB8-8B4A-11D0-8D11-00A0C91BC942}") = "tutorial05_textured_cube", "tutorial05_textured_cube.vcxproj", "{3AF106AC-3025-34D7-A749-BBBFDD978531}"
	ProjectSection(ProjectDependencies) = postProject
		{8A44236C-853D-319E-B12B-BBE36523F68F} = {8A44236C-853D-319E-B12B-BBE36523F68F}
		{A26B533F-4140-3CD1-AB89-5F265065645A} = {A26B533F-4140-3CD1-AB89-5F265065645A}
		{ADF98A35-22B5-3BC0-8DF9-D860B7C03811} = {ADF98A35-22B5-3BC0-8DF9-D860B7C03811}
	EndProjectSection
EndProject
Project("{8BC9CEB8-8B4A-11D0-8D11-00A0C91BC942}") = "tutorial06_keyboard_and_mouse", "tutorial06_keyboard_and_mouse.vcxproj", "{00CD2613-43C3-362B-94FB-2340E26BD06C}"
	ProjectSection(ProjectDependencies) = postProject
		{8A44236C-853D-319E-B12B-BBE36523F68F} = {8A44236C-853D-319E-B12B-BBE36523F68F}
		{A26B533F-4140-3CD1-AB89-5F265065645A} = {A26B533F-4140-3CD1-AB89-5F265065645A}
		{ADF98A35-22B5-3BC0-8DF9-D860B7C03811} = {ADF98A35-22B5-3BC0-8DF9-D860B7C03811}
	EndProjectSection
EndProject
Project("{8BC9CEB8-8B4A-11D0-8D11-00A0C91BC942}") = "tutorial07_model_loading", "tutorial07_model_loading.vcxproj", "{99DBD9D2-93BE-3008-AAE8-36120CB84117}"
	ProjectSection(ProjectDependencies) = postProject
		{8A44236C-853D-319E-B12B-BBE36523F68F} = {8A44236C-853D-319E-B12B-BBE36523F68F}
		{A26B533F-4140-3CD1-AB89-5F265065645A} = {A26B533F-4140-3CD1-AB89-5F265065645A}
		{ADF98A35-22B5-3BC0-8DF9-D860B7C03811} = {ADF98A35-22B5-3BC0-8DF9-D860B7C03811}
	EndProjectSection
EndProject
Project("{8BC9CEB8-8B4A-11D0-8D11-00A0C91BC942}") = "tutorial08_basic_shading", "tutorial08_basic_shading.vcxproj", "{6813E51C-9122-3281-ABDD-BAE0B5E7B8BF}"
	ProjectSection(ProjectDependencies) = postProject
		{8A44236C-853D-319E-B12B-BBE36523F68F} = {8A44236C-853D-319E-B12B-BBE36523F68F}
		{A26B533F-4140-3CD1-AB89-5F265065645A} = {A26B533F-4140-3CD1-AB89-5F265065645A}
		{ADF98A35-22B5-3BC0-8DF9-D860B7C03811} = {ADF98A35-22B5-3BC0-8DF9-D860B7C03811}
	EndProjectSection
EndProject
Project("{8BC9CEB8-8B4A-11D0-8D11-00A0C91BC942}") = "tutorial09_AssImp", "tutorial09_AssImp.vcxproj", "{6F282005-86D0-38DC-B3A6-88C704453399}"
	ProjectSection(ProjectDependencies) = postProject
		{8A44236C-853D-319E-B12B-BBE36523F68F} = {8A44236C-853D-319E-B12B-BBE36523F68F}
		{A26B533F-4140-3CD1-AB89-5F265065645A} = {A26B533F-4140-3CD1-AB89-5F265065645A}
		{B6F22EDE-886D-36AE-8482-5520FE0563CB} = {B6F22EDE-886D-36AE-8482-5520FE0563CB}
		{ADF98A35-22B5-3BC0-8DF9-D860B7C03811} = {ADF98A35-22B5-3BC0-8DF9-D860B7C03811}
		{B98745C1-C1AC-397E-90C3-BD30E2162B9D} = {B98745C1-C1AC-397E-90C3-BD30E2162B9D}
	EndProjectSection
EndProject
Project("{8BC9CEB8-8B4A-11D0-8D11-00A0C91BC942}") = "tutorial09_several_objects", "tutorial09_several_objects.vcxproj", "{6EFC5DD3-5603-3EF3-83E6-F4707ADD4271}"
	ProjectSection(ProjectDependencies) = postProject
		{8A44236C-853D-319E-B12B-BBE36523F68F} = {8A44236C-853D-319E-B12B-BBE36523F68F}
		{A26B533F-4140-3CD1-AB89-5F265065645A} = {A26B533F-4140-3CD1-AB89-5F265065645A}
		{ADF98A35-22B5-3BC0-8DF9-D860B7C03811} = {ADF98A35-22B5-3BC0-8DF9-D860B7C03811}
	EndProjectSection
EndProject
Project("{8BC9CEB8-8B4A-11D0-8D11-00A0C91BC942}") = "tutorial09_vbo_indexing", "tutorial09_vbo_indexing.vcxproj", "{088FC20E-509C-39B8-AE68-D6F6706EBBB9}"
	ProjectSection(ProjectDependencies) = postProject
		{8A44236C-853D-319E-B12B-BBE36523F68F} = {8A44236C-853D-319E-B12B-BBE36523F68F}
		{A26B533F-4140-3CD1-AB89-5F265065645A} = {A26B533F-4140-3CD1-AB89-5F265065645A}
		{ADF98A35-22B5-3BC0-8DF9-D860B7C03811} = {ADF98A35-22B5-3BC0-8DF9-D860B7C03811}
	EndProjectSection
EndProject
Project("{8BC9CEB8-8B4A-11D0-8D11-00A0C91BC942}") = "tutorial10_transparency", "tutorial10_transparency.vcxproj", "{19279F5A-BA4C-375D-B613-1140F72010B3}"
	ProjectSection(ProjectDependencies) = postProject
		{8A44236C-853D-319E-B12B-BBE36523F68F} = {8A44236C-853D-319E-B12B-BBE36523F68F}
		{A26B533F-4140-3CD1-AB89-5F265065645A} = {A26B533F-4140-3CD1-AB89-5F265065645A}
		{ADF98A35-22B5-3BC0-8DF9-D860B7C03811} = {ADF98A35-22B5-3BC0-8DF9-D860B7C03811}
	EndProjectSection
EndProject
Project("{8BC9CEB8-8B4A-11D0-8D11-00A0C91BC942}") = "tutorial11_2d_fonts", "tutorial11_2d_fonts.vcxproj", "{3FFA347C-B905-310E-9BB2-4370FF76A8EB}"
	ProjectSection(ProjectDependencies) = postProject
		{8A44236C-853D-319E-B12B-BBE36523F68F} = {8A44236C-853D-319E-B12B-BBE36523F68F}
		{A26B533F-4140-3CD1-AB89-5F265065645A} = {A26B533F-4140-3CD1-AB89-5F265065645A}
		{ADF98A35-22B5-3BC0-8DF9-D860B7C03811} = {ADF98A35-22B5-3BC0-8DF9-D860B7C03811}
	EndProjectSection
EndProject
Project("{8BC9CEB8-8B4A-11D0-8D11-00A0C91BC942}") = "tutorial12_extensions", "tutorial12_extensions.vcxproj", "{1D2B9B59-37AB-361A-AEDC-0B9E4D5E3B43}"
	ProjectSection(ProjectDependencies) = postProject
		{8A44236C-853D-319E-B12B-BBE36523F68F} = {8A44236C-853D-319E-B12B-BBE36523F68F}
		{A26B533F-4140-3CD1-AB89-5F265065645A} = {A26B533F-4140-3CD1-AB89-5F265065645A}
		{ADF98A35-22B5-3BC0-8DF9-D860B7C03811} = {ADF98A35-22B5-3BC0-8DF9-D860B7C03811}
	EndProjectSection
EndProject
Project("{8BC9CEB8-8B4A-11D0-8D11-00A0C91BC942}") = "tutorial13_normal_mapping", "tutorial13_normal_mapping.vcxproj", "{7A7A77D2-D76B-38F6-92DE-674D6C181CFE}"
	ProjectSection(ProjectDependencies) = postProject
		{8A44236C-853D-319E-B12B-BBE36523F68F} = {8A44236C-853D-319E-B12B-BBE36523F68F}
		{A26B533F-4140-3CD1-AB89-5F265065645A} = {A26B533F-4140-3CD1-AB89-5F265065645A}
		{ADF98A35-22B5-3BC0-8DF9-D860B7C03811} = {ADF98A35-22B5-3BC0-8DF9-D860B7C03811}
	EndProjectSection
EndProject
Project("{8BC9CEB8-8B4A-11D0-8D11-00A0C91BC942}") = "tutorial14_render_to_texture", "tutorial14_render_to_texture.vcxproj", "{3DB60EEB-015D-3145-9660-1B35D61D2DB5}"
	ProjectSection(ProjectDependencies) = postProject
		{8A44236C-853D-319E-B12B-BBE36523F68F} = {8A44236C-853D-319E-B12B-BBE36523F68F}
		{A26B533F-4140-3CD1-AB89-5F265065645A} = {A26B533F-4140-3CD1-AB89-5F265065645A}
		{ADF98A35-22B5-3BC0-8DF9-D860B7C03811} = {ADF98A35-22B5-3BC0-8DF9-D860B7C03811}
	EndProjectSection
EndProject
Project("{8BC9CEB8-8B4A-11D0-8D11-00A0C91BC942}") = "tutorial15_lightmaps", "tutorial15_lightmaps.vcxproj", "{D19A64D5-A8D9-3032-A4EF-8EFA23073CA9}"
	ProjectSection(ProjectDependencies) = postProject
		{8A44236C-853D-319E-B12B-BBE36523F68F} = {8A44236C-853D-319E-B12B-BBE36523F68F}
		{A26B533F-4140-3CD1-AB89-5F265065645A} = {A26B533F-4140-3CD1-AB89-5F265065645A}
		{ADF98A35-22B5-3BC0-8DF9-D860B7C03811} = {ADF98A35-22B5-3BC0-8DF9-D860B7C03811}
	EndProjectSection
EndProject
Project("{8BC9CEB8-8B4A-11D0-8D11-00A0C91BC942}") = "tutorial16_shadowmaps", "tutorial16_shadowmaps.vcxproj", "{A098ED9E-EDAE-3C02-8EA5-C19E26EA52B7}"
	ProjectSection(ProjectDependencies) = postProject
		{8A44236C-853D-319E-B12B-BBE36523F68F} = {8A44236C-853D-319E-B12B-BBE36523F68F}
		{A26B533F-4140-3CD1-AB89-5F265065645A} = {A26B533F-4140-3CD1-AB89-5F265065645A}
		{ADF98A35-22B5-3BC0-8DF9-D860B7C03811} = {ADF98A35-22B5-3BC0-8DF9-D860B7C03811}
	EndProjectSection
EndProject
Project("{8BC9CEB8-8B4A-11D0-8D11-00A0C91BC942}") = "tutorial16_shadowmaps_simple", "tutorial16_shadowmaps_simple.vcxproj", "{B3B7F471-96E1-3ABA-82B9-F9B50569B3B4}"
	ProjectSection(ProjectDependencies) = postProject
		{8A44236C-853D-319E-B12B-BBE36523F68F} = {8A44236C-853D-319E-B12B-BBE36523F68F}
		{A26B533F-4140-3CD1-AB89-5F265065645A} = {A26B533F-4140-3CD1-AB89-5F265065645A}
		{ADF98A35-22B5-3BC0-8DF9-D860B7C03811} = {ADF98A35-22B5-3BC0-8DF9-D860B7C03811}
	EndProjectSection
EndProject
Project("{8BC9CEB8-8B4A-11D0-8D11-00A0C91BC942}") = "tutorial17_rotations", "tutorial17_rotations.vcxproj", "{6580DA8B-C6A0-3DB9-98D8-4771C122460F}"
	ProjectSection(ProjectDependencies) = postProject
		{99527B28-D733-399A-93CD-B46609C106AE} = {99527B28-D733-399A-93CD-B46609C106AE}
		{8A44236C-853D-319E-B12B-BBE36523F68F} = {8A44236C-853D-319E-B12B-BBE36523F68F}
		{A26B533F-4140-3CD1-AB89-5F265065645A} = {A26B533F-4140-3CD1-AB89-5F265065645A}
		{ADF98A35-22B5-3BC0-8DF9-D860B7C03811} = {ADF98A35-22B5-3BC0-8DF9-D860B7C03811}
	EndProjectSection
EndProject
Project("{8BC9CEB8-8B4A-11D0-8D11-00A0C91BC942}") = "tutorial18_billboards", "tutorial18_billboards.vcxproj", "{6677AD8D-E3EC-377E-94B3-5BE78617BFF4}"
	ProjectSection(ProjectDependencies) = postProject
		{8A44236C-853D-319E-B12B-BBE36523F68F} = {8A44236C-853D-319E-B12B-BBE36523F68F}
		{A26B533F-4140-3CD1-AB89-5F265065645A} = {A26B533F-4140-3CD1-AB89-5F265065645A}
		{ADF98A35-22B5-3BC0-8DF9-D860B7C03811} = {ADF98A35-22B5-3BC0-8DF9-D860B7C03811}
	EndProjectSection
EndProject
Project("{8BC9CEB8-8B4A-11D0-8D11-00A0C91BC942}") = "tutorial18_particles", "tutorial18_particles.vcxproj", "{DF9D1922-E4AA-3FB6-9C80-975006E91E8A}"
	ProjectSection(ProjectDependencies) = postProject
		{8A44236C-853D-319E-B12B-BBE36523F68F} = {8A44236C-853D-319E-B12B-BBE36523F68F}
		{A26B533F-4140-3CD1-AB89-5F265065645A} = {A26B533F-4140-3CD1-AB89-5F265065645A}
		{ADF98A35-22B5-3BC0-8DF9-D860B7C03811} = {ADF98A35-22B5-3BC0-8DF9-D860B7C03811}
	EndProjectSection
EndProject
Project("{8BC9CEB8-8B4A-11D0-8D11-00A0C91BC942}") = "uninstall", "external\glfw-3.1.2\uninstall.vcxproj", "{C884F8A1-53FD-3C97-949E-26C047B39595}"
	ProjectSection(ProjectDependencies) = postProject
		{A26B533F-4140-3CD1-AB89-5F265065645A} = {A26B533F-4140-3CD1-AB89-5F265065645A}
	EndProjectSection
EndProject
Project("{8BC9CEB8-8B4A-11D0-8D11-00A0C91BC942}") = "wave", "external\glfw-3.1.2\examples\wave.vcxproj", "{C099410B-09A0-368C-A63F-B2019E7E316B}"
	ProjectSection(ProjectDependencies) = postProject
		{A26B533F-4140-3CD1-AB89-5F265065645A} = {A26B533F-4140-3CD1-AB89-5F265065645A}
		{ADF98A35-22B5-3BC0-8DF9-D860B7C03811} = {ADF98A35-22B5-3BC0-8DF9-D860B7C03811}
	EndProjectSection
EndProject
Project("{8BC9CEB8-8B4A-11D0-8D11-00A0C91BC942}") = "windows", "external\glfw-3.1.2\tests\windows.vcxproj", "{ABA192F9-E776-33F7-85EA-3C31FC3C25A7}"
	ProjectSection(ProjectDependencies) = postProject
		{A26B533F-4140-3CD1-AB89-5F265065645A} = {A26B533F-4140-3CD1-AB89-5F265065645A}
		{ADF98A35-22B5-3BC0-8DF9-D860B7C03811} = {ADF98A35-22B5-3BC0-8DF9-D860B7C03811}
	EndProjectSection
EndProject
Project("{8BC9CEB8-8B4A-11D0-8D11-00A0C91BC942}") = "zlib", "external\assimp-3.0.1270\contrib\zlib\zlib.vcxproj", "{B98745C1-C1AC-397E-90C3-BD30E2162B9D}"
	ProjectSection(ProjectDependencies) = postProject
		{A26B533F-4140-3CD1-AB89-5F265065645A} = {A26B533F-4140-3CD1-AB89-5F265065645A}
	EndProjectSection
EndProject
Global
	GlobalSection(SolutionConfigurationPlatforms) = preSolution
		Debug|Win32 = Debug|Win32
		Release|Win32 = Release|Win32
		MinSizeRel|Win32 = MinSizeRel|Win32
		RelWithDebInfo|Win32 = RelWithDebInfo|Win32
	EndGlobalSection
	GlobalSection(ProjectConfigurationPlatforms) = postSolution
		{E097B4C6-0C49-3F90-B140-6A7E07607996}.Debug|Win32.ActiveCfg = Debug|Win32
		{E097B4C6-0C49-3F90-B140-6A7E07607996}.Debug|Win32.Build.0 = Debug|Win32
		{E097B4C6-0C49-3F90-B140-6A7E07607996}.Release|Win32.ActiveCfg = Release|Win32
		{E097B4C6-0C49-3F90-B140-6A7E07607996}.Release|Win32.Build.0 = Release|Win32
		{E097B4C6-0C49-3F90-B140-6A7E07607996}.MinSizeRel|Win32.ActiveCfg = MinSizeRel|Win32
		{E097B4C6-0C49-3F90-B140-6A7E07607996}.MinSizeRel|Win32.Build.0 = MinSizeRel|Win32
		{E097B4C6-0C49-3F90-B140-6A7E07607996}.RelWithDebInfo|Win32.ActiveCfg = RelWithDebInfo|Win32
		{E097B4C6-0C49-3F90-B140-6A7E07607996}.RelWithDebInfo|Win32.Build.0 = RelWithDebInfo|Win32
		{99527B28-D733-399A-93CD-B46609C106AE}.Debug|Win32.ActiveCfg = Debug|Win32
		{99527B28-D733-399A-93CD-B46609C106AE}.Debug|Win32.Build.0 = Debug|Win32
		{99527B28-D733-399A-93CD-B46609C106AE}.Release|Win32.ActiveCfg = Release|Win32
		{99527B28-D733-399A-93CD-B46609C106AE}.Release|Win32.Build.0 = Release|Win32
		{99527B28-D733-399A-93CD-B46609C106AE}.MinSizeRel|Win32.ActiveCfg = MinSizeRel|Win32
		{99527B28-D733-399A-93CD-B46609C106AE}.MinSizeRel|Win32.Build.0 = MinSizeRel|Win32
		{99527B28-D733-399A-93CD-B46609C106AE}.RelWithDebInfo|Win32.ActiveCfg = RelWithDebInfo|Win32
		{99527B28-D733-399A-93CD-B46609C106AE}.RelWithDebInfo|Win32.Build.0 = RelWithDebInfo|Win32
		{2D3F0F33-FB54-35E5-8D5C-5226A5CFEB47}.Debug|Win32.ActiveCfg = Debug|Win32
		{2D3F0F33-FB54-35E5-8D5C-5226A5CFEB47}.Debug|Win32.Build.0 = Debug|Win32
		{2D3F0F33-FB54-35E5-8D5C-5226A5CFEB47}.Release|Win32.ActiveCfg = Release|Win32
		{2D3F0F33-FB54-35E5-8D5C-5226A5CFEB47}.Release|Win32.Build.0 = Release|Win32
		{2D3F0F33-FB54-35E5-8D5C-5226A5CFEB47}.MinSizeRel|Win32.ActiveCfg = MinSizeRel|Win32
		{2D3F0F33-FB54-35E5-8D5C-5226A5CFEB47}.MinSizeRel|Win32.Build.0 = MinSizeRel|Win32
		{2D3F0F33-FB54-35E5-8D5C-5226A5CFEB47}.RelWithDebInfo|Win32.ActiveCfg = RelWithDebInfo|Win32
		{2D3F0F33-FB54-35E5-8D5C-5226A5CFEB47}.RelWithDebInfo|Win32.Build.0 = RelWithDebInfo|Win32
		{C782FAAD-798B-305B-A351-646D432E737E}.Debug|Win32.ActiveCfg = Debug|Win32
		{C782FAAD-798B-305B-A351-646D432E737E}.Debug|Win32.Build.0 = Debug|Win32
		{C782FAAD-798B-305B-A351-646D432E737E}.Release|Win32.ActiveCfg = Release|Win32
		{C782FAAD-798B-305B-A351-646D432E737E}.Release|Win32.Build.0 = Release|Win32
		{C782FAAD-798B-305B-A351-646D432E737E}.MinSizeRel|Win32.ActiveCfg = MinSizeRel|Win32
		{C782FAAD-798B-305B-A351-646D432E737E}.MinSizeRel|Win32.Build.0 = MinSizeRel|Win32
		{C782FAAD-798B-305B-A351-646D432E737E}.RelWithDebInfo|Win32.ActiveCfg = RelWithDebInfo|Win32
		{C782FAAD-798B-305B-A351-646D432E737E}.RelWithDebInfo|Win32.Build.0 = RelWithDebInfo|Win32
		{131AB1AB-B99A-3832-9C57-9CE44A2A82B2}.Debug|Win32.ActiveCfg = Debug|Win32
		{131AB1AB-B99A-3832-9C57-9CE44A2A82B2}.Debug|Win32.Build.0 = Debug|Win32
		{131AB1AB-B99A-3832-9C57-9CE44A2A82B2}.Release|Win32.ActiveCfg = Release|Win32
		{131AB1AB-B99A-3832-9C57-9CE44A2A82B2}.Release|Win32.Build.0 = Release|Win32
		{131AB1AB-B99A-3832-9C57-9CE44A2A82B2}.MinSizeRel|Win32.ActiveCfg = MinSizeRel|Win32
		{131AB1AB-B99A-3832-9C57-9CE44A2A82B2}.MinSizeRel|Win32.Build.0 = MinSizeRel|Win32
		{131AB1AB-B99A-3832-9C57-9CE44A2A82B2}.RelWithDebInfo|Win32.ActiveCfg = RelWithDebInfo|Win32
		{131AB1AB-B99A-3832-9C57-9CE44A2A82B2}.RelWithDebInfo|Win32.Build.0 = RelWithDebInfo|Win32
		{8A44236C-853D-319E-B12B-BBE36523F68F}.Debug|Win32.ActiveCfg = Debug|Win32
		{8A44236C-853D-319E-B12B-BBE36523F68F}.Debug|Win32.Build.0 = Debug|Win32
		{8A44236C-853D-319E-B12B-BBE36523F68F}.Release|Win32.ActiveCfg = Release|Win32
		{8A44236C-853D-319E-B12B-BBE36523F68F}.Release|Win32.Build.0 = Release|Win32
		{8A44236C-853D-319E-B12B-BBE36523F68F}.MinSizeRel|Win32.ActiveCfg = MinSizeRel|Win32
		{8A44236C-853D-319E-B12B-BBE36523F68F}.MinSizeRel|Win32.Build.0 = MinSizeRel|Win32
		{8A44236C-853D-319E-B12B-BBE36523F68F}.RelWithDebInfo|Win32.ActiveCfg = RelWithDebInfo|Win32
		{8A44236C-853D-319E-B12B-BBE36523F68F}.RelWithDebInfo|Win32.Build.0 = RelWithDebInfo|Win32
		{9718FED6-C047-39C7-A640-532A3AC553AF}.Debug|Win32.ActiveCfg = Debug|Win32
		{9718FED6-C047-39C7-A640-532A3AC553AF}.Release|Win32.ActiveCfg = Release|Win32
		{9718FED6-C047-39C7-A640-532A3AC553AF}.MinSizeRel|Win32.ActiveCfg = MinSizeRel|Win32
		{9718FED6-C047-39C7-A640-532A3AC553AF}.RelWithDebInfo|Win32.ActiveCfg = RelWithDebInfo|Win32
		{4FF7A6CF-B2B8-3224-BA47-3CEC1DEEC0DC}.Debug|Win32.ActiveCfg = Debug|Win32
		{4FF7A6CF-B2B8-3224-BA47-3CEC1DEEC0DC}.Debug|Win32.Build.0 = Debug|Win32
		{4FF7A6CF-B2B8-3224-BA47-3CEC1DEEC0DC}.Release|Win32.ActiveCfg = Release|Win32
		{4FF7A6CF-B2B8-3224-BA47-3CEC1DEEC0DC}.Release|Win32.Build.0 = Release|Win32
		{4FF7A6CF-B2B8-3224-BA47-3CEC1DEEC0DC}.MinSizeRel|Win32.ActiveCfg = MinSizeRel|Win32
		{4FF7A6CF-B2B8-3224-BA47-3CEC1DEEC0DC}.MinSizeRel|Win32.Build.0 = MinSizeRel|Win32
		{4FF7A6CF-B2B8-3224-BA47-3CEC1DEEC0DC}.RelWithDebInfo|Win32.ActiveCfg = RelWithDebInfo|Win32
		{4FF7A6CF-B2B8-3224-BA47-3CEC1DEEC0DC}.RelWithDebInfo|Win32.Build.0 = RelWithDebInfo|Win32
		{A26B533F-4140-3CD1-AB89-5F265065645A}.Debug|Win32.ActiveCfg = Debug|Win32
		{A26B533F-4140-3CD1-AB89-5F265065645A}.Debug|Win32.Build.0 = Debug|Win32
		{A26B533F-4140-3CD1-AB89-5F265065645A}.Release|Win32.ActiveCfg = Release|Win32
		{A26B533F-4140-3CD1-AB89-5F265065645A}.Release|Win32.Build.0 = Release|Win32
		{A26B533F-4140-3CD1-AB89-5F265065645A}.MinSizeRel|Win32.ActiveCfg = MinSizeRel|Win32
		{A26B533F-4140-3CD1-AB89-5F265065645A}.MinSizeRel|Win32.Build.0 = MinSizeRel|Win32
		{A26B533F-4140-3CD1-AB89-5F265065645A}.RelWithDebInfo|Win32.ActiveCfg = RelWithDebInfo|Win32
		{A26B533F-4140-3CD1-AB89-5F265065645A}.RelWithDebInfo|Win32.Build.0 = RelWithDebInfo|Win32
		{B6F22EDE-886D-36AE-8482-5520FE0563CB}.Debug|Win32.ActiveCfg = Debug|Win32
		{B6F22EDE-886D-36AE-8482-5520FE0563CB}.Debug|Win32.Build.0 = Debug|Win32
		{B6F22EDE-886D-36AE-8482-5520FE0563CB}.Release|Win32.ActiveCfg = Release|Win32
		{B6F22EDE-886D-36AE-8482-5520FE0563CB}.Release|Win32.Build.0 = Release|Win32
		{B6F22EDE-886D-36AE-8482-5520FE0563CB}.MinSizeRel|Win32.ActiveCfg = MinSizeRel|Win32
		{B6F22EDE-886D-36AE-8482-5520FE0563CB}.MinSizeRel|Win32.Build.0 = MinSizeRel|Win32
		{B6F22EDE-886D-36AE-8482-5520FE0563CB}.RelWithDebInfo|Win32.ActiveCfg = RelWithDebInfo|Win32
		{B6F22EDE-886D-36AE-8482-5520FE0563CB}.RelWithDebInfo|Win32.Build.0 = RelWithDebInfo|Win32
		{554D218E-EDC4-31F6-AA4D-0E4D732E4B98}.Debug|Win32.ActiveCfg = Debug|Win32
		{554D218E-EDC4-31F6-AA4D-0E4D732E4B98}.Debug|Win32.Build.0 = Debug|Win32
		{554D218E-EDC4-31F6-AA4D-0E4D732E4B98}.Release|Win32.ActiveCfg = Release|Win32
		{554D218E-EDC4-31F6-AA4D-0E4D732E4B98}.Release|Win32.Build.0 = Release|Win32
		{554D218E-EDC4-31F6-AA4D-0E4D732E4B98}.MinSizeRel|Win32.ActiveCfg = MinSizeRel|Win32
		{554D218E-EDC4-31F6-AA4D-0E4D732E4B98}.MinSizeRel|Win32.Build.0 = MinSizeRel|Win32
		{554D218E-EDC4-31F6-AA4D-0E4D732E4B98}.RelWithDebInfo|Win32.ActiveCfg = RelWithDebInfo|Win32
		{554D218E-EDC4-31F6-AA4D-0E4D732E4B98}.RelWithDebInfo|Win32.Build.0 = RelWithDebInfo|Win32
		{ECB00320-A89F-3B2E-BB82-A1ADF59A0665}.Debug|Win32.ActiveCfg = Debug|Win32
		{ECB00320-A89F-3B2E-BB82-A1ADF59A0665}.Debug|Win32.Build.0 = Debug|Win32
		{ECB00320-A89F-3B2E-BB82-A1ADF59A0665}.Release|Win32.ActiveCfg = Release|Win32
		{ECB00320-A89F-3B2E-BB82-A1ADF59A0665}.Release|Win32.Build.0 = Release|Win32
		{ECB00320-A89F-3B2E-BB82-A1ADF59A0665}.MinSizeRel|Win32.ActiveCfg = MinSizeRel|Win32
		{ECB00320-A89F-3B2E-BB82-A1ADF59A0665}.MinSizeRel|Win32.Build.0 = MinSizeRel|Win32
		{ECB00320-A89F-3B2E-BB82-A1ADF59A0665}.RelWithDebInfo|Win32.ActiveCfg = RelWithDebInfo|Win32
		{ECB00320-A89F-3B2E-BB82-A1ADF59A0665}.RelWithDebInfo|Win32.Build.0 = RelWithDebInfo|Win32
		{666033E9-4A11-33C2-99C1-68F846FC0C3D}.Debug|Win32.ActiveCfg = Debug|Win32
		{666033E9-4A11-33C2-99C1-68F846FC0C3D}.Debug|Win32.Build.0 = Debug|Win32
		{666033E9-4A11-33C2-99C1-68F846FC0C3D}.Release|Win32.ActiveCfg = Release|Win32
		{666033E9-4A11-33C2-99C1-68F846FC0C3D}.Release|Win32.Build.0 = Release|Win32
		{666033E9-4A11-33C2-99C1-68F846FC0C3D}.MinSizeRel|Win32.ActiveCfg = MinSizeRel|Win32
		{666033E9-4A11-33C2-99C1-68F846FC0C3D}.MinSizeRel|Win32.Build.0 = MinSizeRel|Win32
		{666033E9-4A11-33C2-99C1-68F846FC0C3D}.RelWithDebInfo|Win32.ActiveCfg = RelWithDebInfo|Win32
		{666033E9-4A11-33C2-99C1-68F846FC0C3D}.RelWithDebInfo|Win32.Build.0 = RelWithDebInfo|Win32
		{C8A67628-3DEA-3D0F-A255-CE4F34C10A61}.Debug|Win32.ActiveCfg = Debug|Win32
		{C8A67628-3DEA-3D0F-A255-CE4F34C10A61}.Debug|Win32.Build.0 = Debug|Win32
		{C8A67628-3DEA-3D0F-A255-CE4F34C10A61}.Release|Win32.ActiveCfg = Release|Win32
		{C8A67628-3DEA-3D0F-A255-CE4F34C10A61}.Release|Win32.Build.0 = Release|Win32
		{C8A67628-3DEA-3D0F-A255-CE4F34C10A61}.MinSizeRel|Win32.ActiveCfg = MinSizeRel|Win32
		{C8A67628-3DEA-3D0F-A255-CE4F34C10A61}.MinSizeRel|Win32.Build.0 = MinSizeRel|Win32
		{C8A67628-3DEA-3D0F-A255-CE4F34C10A61}.RelWithDebInfo|Win32.ActiveCfg = RelWithDebInfo|Win32
		{C8A67628-3DEA-3D0F-A255-CE4F34C10A61}.RelWithDebInfo|Win32.Build.0 = RelWithDebInfo|Win32
		{8C2ABC86-DEFF-3711-AA95-B80C874999A3}.Debug|Win32.ActiveCfg = Debug|Win32
		{8C2ABC86-DEFF-3711-AA95-B80C874999A3}.Debug|Win32.Build.0 = Debug|Win32
		{8C2ABC86-DEFF-3711-AA95-B80C874999A3}.Release|Win32.ActiveCfg = Release|Win32
		{8C2ABC86-DEFF-3711-AA95-B80C874999A3}.Release|Win32.Build.0 = Release|Win32
		{8C2ABC86-DEFF-3711-AA95-B80C874999A3}.MinSizeRel|Win32.ActiveCfg = MinSizeRel|Win32
		{8C2ABC86-DEFF-3711-AA95-B80C874999A3}.MinSizeRel|Win32.Build.0 = MinSizeRel|Win32
		{8C2ABC86-DEFF-3711-AA95-B80C874999A3}.RelWithDebInfo|Win32.ActiveCfg = RelWithDebInfo|Win32
		{8C2ABC86-DEFF-3711-AA95-B80C874999A3}.RelWithDebInfo|Win32.Build.0 = RelWithDebInfo|Win32
		{0672960C-F081-3595-B5B1-FE2D2CA85725}.Debug|Win32.ActiveCfg = Debug|Win32
		{0672960C-F081-3595-B5B1-FE2D2CA85725}.Debug|Win32.Build.0 = Debug|Win32
		{0672960C-F081-3595-B5B1-FE2D2CA85725}.Release|Win32.ActiveCfg = Release|Win32
		{0672960C-F081-3595-B5B1-FE2D2CA85725}.Release|Win32.Build.0 = Release|Win32
		{0672960C-F081-3595-B5B1-FE2D2CA85725}.MinSizeRel|Win32.ActiveCfg = MinSizeRel|Win32
		{0672960C-F081-3595-B5B1-FE2D2CA85725}.MinSizeRel|Win32.Build.0 = MinSizeRel|Win32
		{0672960C-F081-3595-B5B1-FE2D2CA85725}.RelWithDebInfo|Win32.ActiveCfg = RelWithDebInfo|Win32
		{0672960C-F081-3595-B5B1-FE2D2CA85725}.RelWithDebInfo|Win32.Build.0 = RelWithDebInfo|Win32
		{0A4BCB82-29A5-36DE-A5D7-95ABD343DD65}.Debug|Win32.ActiveCfg = Debug|Win32
		{0A4BCB82-29A5-36DE-A5D7-95ABD343DD65}.Debug|Win32.Build.0 = Debug|Win32
		{0A4BCB82-29A5-36DE-A5D7-95ABD343DD65}.Release|Win32.ActiveCfg = Release|Win32
		{0A4BCB82-29A5-36DE-A5D7-95ABD343DD65}.Release|Win32.Build.0 = Release|Win32
		{0A4BCB82-29A5-36DE-A5D7-95ABD343DD65}.MinSizeRel|Win32.ActiveCfg = MinSizeRel|Win32
		{0A4BCB82-29A5-36DE-A5D7-95ABD343DD65}.MinSizeRel|Win32.Build.0 = MinSizeRel|Win32
		{0A4BCB82-29A5-36DE-A5D7-95ABD343DD65}.RelWithDebInfo|Win32.ActiveCfg = RelWithDebInfo|Win32
		{0A4BCB82-29A5-36DE-A5D7-95ABD343DD65}.RelWithDebInfo|Win32.Build.0 = RelWithDebInfo|Win32
		{ADF98A35-22B5-3BC0-8DF9-D860B7C03811}.Debug|Win32.ActiveCfg = Debug|Win32
		{ADF98A35-22B5-3BC0-8DF9-D860B7C03811}.Debug|Win32.Build.0 = Debug|Win32
		{ADF98A35-22B5-3BC0-8DF9-D860B7C03811}.Release|Win32.ActiveCfg = Release|Win32
		{ADF98A35-22B5-3BC0-8DF9-D860B7C03811}.Release|Win32.Build.0 = Release|Win32
		{ADF98A35-22B5-3BC0-8DF9-D860B7C03811}.MinSizeRel|Win32.ActiveCfg = MinSizeRel|Win32
		{ADF98A35-22B5-3BC0-8DF9-D860B7C03811}.MinSizeRel|Win32.Build.0 = MinSizeRel|Win32
		{ADF98A35-22B5-3BC0-8DF9-D860B7C03811}.RelWithDebInfo|Win32.ActiveCfg = RelWithDebInfo|Win32
		{ADF98A35-22B5-3BC0-8DF9-D860B7C03811}.RelWithDebInfo|Win32.Build.0 = RelWithDebInfo|Win32
		{372B37EA-BF60-33AC-87A3-08F4473018D8}.Debug|Win32.ActiveCfg = Debug|Win32
		{372B37EA-BF60-33AC-87A3-08F4473018D8}.Debug|Win32.Build.0 = Debug|Win32
		{372B37EA-BF60-33AC-87A3-08F4473018D8}.Release|Win32.ActiveCfg = Release|Win32
		{372B37EA-BF60-33AC-87A3-08F4473018D8}.Release|Win32.Build.0 = Release|Win32
		{372B37EA-BF60-33AC-87A3-08F4473018D8}.MinSizeRel|Win32.ActiveCfg = MinSizeRel|Win32
		{372B37EA-BF60-33AC-87A3-08F4473018D8}.MinSizeRel|Win32.Build.0 = MinSizeRel|Win32
		{372B37EA-BF60-33AC-87A3-08F4473018D8}.RelWithDebInfo|Win32.ActiveCfg = RelWithDebInfo|Win32
		{372B37EA-BF60-33AC-87A3-08F4473018D8}.RelWithDebInfo|Win32.Build.0 = RelWithDebInfo|Win32
		{2A9948C9-B509-3210-9850-E1F0B623704B}.Debug|Win32.ActiveCfg = Debug|Win32
		{2A9948C9-B509-3210-9850-E1F0B623704B}.Debug|Win32.Build.0 = Debug|Win32
		{2A9948C9-B509-3210-9850-E1F0B623704B}.Release|Win32.ActiveCfg = Release|Win32
		{2A9948C9-B509-3210-9850-E1F0B623704B}.Release|Win32.Build.0 = Release|Win32
		{2A9948C9-B509-3210-9850-E1F0B623704B}.MinSizeRel|Win32.ActiveCfg = MinSizeRel|Win32
		{2A9948C9-B509-3210-9850-E1F0B623704B}.MinSizeRel|Win32.Build.0 = MinSizeRel|Win32
		{2A9948C9-B509-3210-9850-E1F0B623704B}.RelWithDebInfo|Win32.ActiveCfg = RelWithDebInfo|Win32
		{2A9948C9-B509-3210-9850-E1F0B623704B}.RelWithDebInfo|Win32.Build.0 = RelWithDebInfo|Win32
		{532741CB-8BA2-320E-A452-3C7C69F9136F}.Debug|Win32.ActiveCfg = Debug|Win32
		{532741CB-8BA2-320E-A452-3C7C69F9136F}.Debug|Win32.Build.0 = Debug|Win32
		{532741CB-8BA2-320E-A452-3C7C69F9136F}.Release|Win32.ActiveCfg = Release|Win32
		{532741CB-8BA2-320E-A452-3C7C69F9136F}.Release|Win32.Build.0 = Release|Win32
		{532741CB-8BA2-320E-A452-3C7C69F9136F}.MinSizeRel|Win32.ActiveCfg = MinSizeRel|Win32
		{532741CB-8BA2-320E-A452-3C7C69F9136F}.MinSizeRel|Win32.Build.0 = MinSizeRel|Win32
		{532741CB-8BA2-320E-A452-3C7C69F9136F}.RelWithDebInfo|Win32.ActiveCfg = RelWithDebInfo|Win32
		{532741CB-8BA2-320E-A452-3C7C69F9136F}.RelWithDebInfo|Win32.Build.0 = RelWithDebInfo|Win32
		{5161DB5F-1B37-396B-8265-1D68350D5D51}.Debug|Win32.ActiveCfg = Debug|Win32
		{5161DB5F-1B37-396B-8265-1D68350D5D51}.Debug|Win32.Build.0 = Debug|Win32
		{5161DB5F-1B37-396B-8265-1D68350D5D51}.Release|Win32.ActiveCfg = Release|Win32
		{5161DB5F-1B37-396B-8265-1D68350D5D51}.Release|Win32.Build.0 = Release|Win32
		{5161DB5F-1B37-396B-8265-1D68350D5D51}.MinSizeRel|Win32.ActiveCfg = MinSizeRel|Win32
		{5161DB5F-1B37-396B-8265-1D68350D5D51}.MinSizeRel|Win32.Build.0 = MinSizeRel|Win32
		{5161DB5F-1B37-396B-8265-1D68350D5D51}.RelWithDebInfo|Win32.ActiveCfg = RelWithDebInfo|Win32
		{5161DB5F-1B37-396B-8265-1D68350D5D51}.RelWithDebInfo|Win32.Build.0 = RelWithDebInfo|Win32
		{D9017738-E8D1-316D-89D6-C315DC108645}.Debug|Win32.ActiveCfg = Debug|Win32
		{D9017738-E8D1-316D-89D6-C315DC108645}.Debug|Win32.Build.0 = Debug|Win32
		{D9017738-E8D1-316D-89D6-C315DC108645}.Release|Win32.ActiveCfg = Release|Win32
		{D9017738-E8D1-316D-89D6-C315DC108645}.Release|Win32.Build.0 = Release|Win32
		{D9017738-E8D1-316D-89D6-C315DC108645}.MinSizeRel|Win32.ActiveCfg = MinSizeRel|Win32
		{D9017738-E8D1-316D-89D6-C315DC108645}.MinSizeRel|Win32.Build.0 = MinSizeRel|Win32
		{D9017738-E8D1-316D-89D6-C315DC108645}.RelWithDebInfo|Win32.ActiveCfg = RelWithDebInfo|Win32
		{D9017738-E8D1-316D-89D6-C315DC108645}.RelWithDebInfo|Win32.Build.0 = RelWithDebInfo|Win32
		{D5C633D3-B444-378C-90CF-6CF0B86A3D52}.Debug|Win32.ActiveCfg = Debug|Win32
		{D5C633D3-B444-378C-90CF-6CF0B86A3D52}.Debug|Win32.Build.0 = Debug|Win32
		{D5C633D3-B444-378C-90CF-6CF0B86A3D52}.Release|Win32.ActiveCfg = Release|Win32
		{D5C633D3-B444-378C-90CF-6CF0B86A3D52}.Release|Win32.Build.0 = Release|Win32
		{D5C633D3-B444-378C-90CF-6CF0B86A3D52}.MinSizeRel|Win32.ActiveCfg = MinSizeRel|Win32
		{D5C633D3-B444-378C-90CF-6CF0B86A3D52}.MinSizeRel|Win32.Build.0 = MinSizeRel|Win32
		{D5C633D3-B444-378C-90CF-6CF0B86A3D52}.RelWithDebInfo|Win32.ActiveCfg = RelWithDebInfo|Win32
		{D5C633D3-B444-378C-90CF-6CF0B86A3D52}.RelWithDebInfo|Win32.Build.0 = RelWithDebInfo|Win32
		{8923693E-2242-335D-B47A-7D2E3099BA79}.Debug|Win32.ActiveCfg = Debug|Win32
		{8923693E-2242-335D-B47A-7D2E3099BA79}.Debug|Win32.Build.0 = Debug|Win32
		{8923693E-2242-335D-B47A-7D2E3099BA79}.Release|Win32.ActiveCfg = Release|Win32
		{8923693E-2242-335D-B47A-7D2E3099BA79}.Release|Win32.Build.0 = Release|Win32
		{8923693E-2242-335D-B47A-7D2E3099BA79}.MinSizeRel|Win32.ActiveCfg = MinSizeRel|Win32
		{8923693E-2242-335D-B47A-7D2E3099BA79}.MinSizeRel|Win32.Build.0 = MinSizeRel|Win32
		{8923693E-2242-335D-B47A-7D2E3099BA79}.RelWithDebInfo|Win32.ActiveCfg = RelWithDebInfo|Win32
		{8923693E-2242-335D-B47A-7D2E3099BA79}.RelWithDebInfo|Win32.Build.0 = RelWithDebInfo|Win32
		{10A68236-B19C-30EF-BCDE-171C77BC697E}.Debug|Win32.ActiveCfg = Debug|Win32
		{10A68236-B19C-30EF-BCDE-171C77BC697E}.Debug|Win32.Build.0 = Debug|Win32
		{10A68236-B19C-30EF-BCDE-171C77BC697E}.Release|Win32.ActiveCfg = Release|Win32
		{10A68236-B19C-30EF-BCDE-171C77BC697E}.Release|Win32.Build.0 = Release|Win32
		{10A68236-B19C-30EF-BCDE-171C77BC697E}.MinSizeRel|Win32.ActiveCfg = MinSizeRel|Win32
		{10A68236-B19C-30EF-BCDE-171C77BC697E}.MinSizeRel|Win32.Build.0 = MinSizeRel|Win32
		{10A68236-B19C-30EF-BCDE-171C77BC697E}.RelWithDebInfo|Win32.ActiveCfg = RelWithDebInfo|Win32
		{10A68236-B19C-30EF-BCDE-171C77BC697E}.RelWithDebInfo|Win32.Build.0 = RelWithDebInfo|Win32
		{95BB348A-A503-316C-AD0F-F2B68E70B7B4}.Debug|Win32.ActiveCfg = Debug|Win32
		{95BB348A-A503-316C-AD0F-F2B68E70B7B4}.Debug|Win32.Build.0 = Debug|Win32
		{95BB348A-A503-316C-AD0F-F2B68E70B7B4}.Release|Win32.ActiveCfg = Release|Win32
		{95BB348A-A503-316C-AD0F-F2B68E70B7B4}.Release|Win32.Build.0 = Release|Win32
		{95BB348A-A503-316C-AD0F-F2B68E70B7B4}.MinSizeRel|Win32.ActiveCfg = MinSizeRel|Win32
		{95BB348A-A503-316C-AD0F-F2B68E70B7B4}.MinSizeRel|Win32.Build.0 = MinSizeRel|Win32
		{95BB348A-A503-316C-AD0F-F2B68E70B7B4}.RelWithDebInfo|Win32.ActiveCfg = RelWithDebInfo|Win32
		{95BB348A-A503-316C-AD0F-F2B68E70B7B4}.RelWithDebInfo|Win32.Build.0 = RelWithDebInfo|Win32
		{3CB237E5-9DA8-3CA3-8D53-9BF03900DFDE}.Debug|Win32.ActiveCfg = Debug|Win32
		{3CB237E5-9DA8-3CA3-8D53-9BF03900DFDE}.Debug|Win32.Build.0 = Debug|Win32
		{3CB237E5-9DA8-3CA3-8D53-9BF03900DFDE}.Release|Win32.ActiveCfg = Release|Win32
		{3CB237E5-9DA8-3CA3-8D53-9BF03900DFDE}.Release|Win32.Build.0 = Release|Win32
		{3CB237E5-9DA8-3CA3-8D53-9BF03900DFDE}.MinSizeRel|Win32.ActiveCfg = MinSizeRel|Win32
		{3CB237E5-9DA8-3CA3-8D53-9BF03900DFDE}.MinSizeRel|Win32.Build.0 = MinSizeRel|Win32
		{3CB237E5-9DA8-3CA3-8D53-9BF03900DFDE}.RelWithDebInfo|Win32.ActiveCfg = RelWithDebInfo|Win32
		{3CB237E5-9DA8-3CA3-8D53-9BF03900DFDE}.RelWithDebInfo|Win32.Build.0 = RelWithDebInfo|Win32
		{D5636045-5D94-3ADC-8A07-625FB08C226B}.Debug|Win32.ActiveCfg = Debug|Win32
		{D5636045-5D94-3ADC-8A07-625FB08C226B}.Debug|Win32.Build.0 = Debug|Win32
		{D5636045-5D94-3ADC-8A07-625FB08C226B}.Release|Win32.ActiveCfg = Release|Win32
		{D5636045-5D94-3ADC-8A07-625FB08C226B}.Release|Win32.Build.0 = Release|Win32
		{D5636045-5D94-3ADC-8A07-625FB08C226B}.MinSizeRel|Win32.ActiveCfg = MinSizeRel|Win32
		{D5636045-5D94-3ADC-8A07-625FB08C226B}.MinSizeRel|Win32.Build.0 = MinSizeRel|Win32
		{D5636045-5D94-3ADC-8A07-625FB08C226B}.RelWithDebInfo|Win32.ActiveCfg = RelWithDebInfo|Win32
		{D5636045-5D94-3ADC-8A07-625FB08C226B}.RelWithDebInfo|Win32.Build.0 = RelWithDebInfo|Win32
		{55B116E8-F03B-30A1-8125-983CAD47FBF7}.Debug|Win32.ActiveCfg = Debug|Win32
		{55B116E8-F03B-30A1-8125-983CAD47FBF7}.Debug|Win32.Build.0 = Debug|Win32
		{55B116E8-F03B-30A1-8125-983CAD47FBF7}.Release|Win32.ActiveCfg = Release|Win32
		{55B116E8-F03B-30A1-8125-983CAD47FBF7}.Release|Win32.Build.0 = Release|Win32
		{55B116E8-F03B-30A1-8125-983CAD47FBF7}.MinSizeRel|Win32.ActiveCfg = MinSizeRel|Win32
		{55B116E8-F03B-30A1-8125-983CAD47FBF7}.MinSizeRel|Win32.Build.0 = MinSizeRel|Win32
		{55B116E8-F03B-30A1-8125-983CAD47FBF7}.RelWithDebInfo|Win32.ActiveCfg = RelWithDebInfo|Win32
		{55B116E8-F03B-30A1-8125-983CAD47FBF7}.RelWithDebInfo|Win32.Build.0 = RelWithDebInfo|Win32
		{76BDB127-6645-35A9-B422-340C2D6A9DE7}.Debug|Win32.ActiveCfg = Debug|Win32
		{76BDB127-6645-35A9-B422-340C2D6A9DE7}.Debug|Win32.Build.0 = Debug|Win32
		{76BDB127-6645-35A9-B422-340C2D6A9DE7}.Release|Win32.ActiveCfg = Release|Win32
		{76BDB127-6645-35A9-B422-340C2D6A9DE7}.Release|Win32.Build.0 = Release|Win32
		{76BDB127-6645-35A9-B422-340C2D6A9DE7}.MinSizeRel|Win32.ActiveCfg = MinSizeRel|Win32
		{76BDB127-6645-35A9-B422-340C2D6A9DE7}.MinSizeRel|Win32.Build.0 = MinSizeRel|Win32
		{76BDB127-6645-35A9-B422-340C2D6A9DE7}.RelWithDebInfo|Win32.ActiveCfg = RelWithDebInfo|Win32
		{76BDB127-6645-35A9-B422-340C2D6A9DE7}.RelWithDebInfo|Win32.Build.0 = RelWithDebInfo|Win32
		{0B1D5204-A87E-33CE-8BD9-81D1404212FC}.Debug|Win32.ActiveCfg = Debug|Win32
		{0B1D5204-A87E-33CE-8BD9-81D1404212FC}.Debug|Win32.Build.0 = Debug|Win32
		{0B1D5204-A87E-33CE-8BD9-81D1404212FC}.Release|Win32.ActiveCfg = Release|Win32
		{0B1D5204-A87E-33CE-8BD9-81D1404212FC}.Release|Win32.Build.0 = Release|Win32
		{0B1D5204-A87E-33CE-8BD9-81D1404212FC}.MinSizeRel|Win32.ActiveCfg = MinSizeRel|Win32
		{0B1D5204-A87E-33CE-8BD9-81D1404212FC}.MinSizeRel|Win32.Build.0 = MinSizeRel|Win32
		{0B1D5204-A87E-33CE-8BD9-81D1404212FC}.RelWithDebInfo|Win32.ActiveCfg = RelWithDebInfo|Win32
		{0B1D5204-A87E-33CE-8BD9-81D1404212FC}.RelWithDebInfo|Win32.Build.0 = RelWithDebInfo|Win32
		{EA0656FE-4007-33DC-8C04-8ED82D459A2E}.Debug|Win32.ActiveCfg = Debug|Win32
		{EA0656FE-4007-33DC-8C04-8ED82D459A2E}.Debug|Win32.Build.0 = Debug|Win32
		{EA0656FE-4007-33DC-8C04-8ED82D459A2E}.Release|Win32.ActiveCfg = Release|Win32
		{EA0656FE-4007-33DC-8C04-8ED82D459A2E}.Release|Win32.Build.0 = Release|Win32
		{EA0656FE-4007-33DC-8C04-8ED82D459A2E}.MinSizeRel|Win32.ActiveCfg = MinSizeRel|Win32
		{EA0656FE-4007-33DC-8C04-8ED82D459A2E}.MinSizeRel|Win32.Build.0 = MinSizeRel|Win32
		{EA0656FE-4007-33DC-8C04-8ED82D459A2E}.RelWithDebInfo|Win32.ActiveCfg = RelWithDebInfo|Win32
		{EA0656FE-4007-33DC-8C04-8ED82D459A2E}.RelWithDebInfo|Win32.Build.0 = RelWithDebInfo|Win32
		{AA1E394F-4836-3BD8-B9AF-7ADE75537D02}.Debug|Win32.ActiveCfg = Debug|Win32
		{AA1E394F-4836-3BD8-B9AF-7ADE75537D02}.Debug|Win32.Build.0 = Debug|Win32
		{AA1E394F-4836-3BD8-B9AF-7ADE75537D02}.Release|Win32.ActiveCfg = Release|Win32
		{AA1E394F-4836-3BD8-B9AF-7ADE75537D02}.Release|Win32.Build.0 = Release|Win32
		{AA1E394F-4836-3BD8-B9AF-7ADE75537D02}.MinSizeRel|Win32.ActiveCfg = MinSizeRel|Win32
		{AA1E394F-4836-3BD8-B9AF-7ADE75537D02}.MinSizeRel|Win32.Build.0 = MinSizeRel|Win32
		{AA1E394F-4836-3BD8-B9AF-7ADE75537D02}.RelWithDebInfo|Win32.ActiveCfg = RelWithDebInfo|Win32
		{AA1E394F-4836-3BD8-B9AF-7ADE75537D02}.RelWithDebInfo|Win32.Build.0 = RelWithDebInfo|Win32
		{844FE4C3-DAC0-3705-A515-D329C42BB7F8}.Debug|Win32.ActiveCfg = Debug|Win32
		{844FE4C3-DAC0-3705-A515-D329C42BB7F8}.Debug|Win32.Build.0 = Debug|Win32
		{844FE4C3-DAC0-3705-A515-D329C42BB7F8}.Release|Win32.ActiveCfg = Release|Win32
		{844FE4C3-DAC0-3705-A515-D329C42BB7F8}.Release|Win32.Build.0 = Release|Win32
		{844FE4C3-DAC0-3705-A515-D329C42BB7F8}.MinSizeRel|Win32.ActiveCfg = MinSizeRel|Win32
		{844FE4C3-DAC0-3705-A515-D329C42BB7F8}.MinSizeRel|Win32.Build.0 = MinSizeRel|Win32
		{844FE4C3-DAC0-3705-A515-D329C42BB7F8}.RelWithDebInfo|Win32.ActiveCfg = RelWithDebInfo|Win32
		{844FE4C3-DAC0-3705-A515-D329C42BB7F8}.RelWithDebInfo|Win32.Build.0 = RelWithDebInfo|Win32
		{B38FE73B-8131-374D-9929-5DFCEC6F7AF2}.Debug|Win32.ActiveCfg = Debug|Win32
		{B38FE73B-8131-374D-9929-5DFCEC6F7AF2}.Debug|Win32.Build.0 = Debug|Win32
		{B38FE73B-8131-374D-9929-5DFCEC6F7AF2}.Release|Win32.ActiveCfg = Release|Win32
		{B38FE73B-8131-374D-9929-5DFCEC6F7AF2}.Release|Win32.Build.0 = Release|Win32
		{B38FE73B-8131-374D-9929-5DFCEC6F7AF2}.MinSizeRel|Win32.ActiveCfg = MinSizeRel|Win32
		{B38FE73B-8131-374D-9929-5DFCEC6F7AF2}.MinSizeRel|Win32.Build.0 = MinSizeRel|Win32
		{B38FE73B-8131-374D-9929-5DFCEC6F7AF2}.RelWithDebInfo|Win32.ActiveCfg = RelWithDebInfo|Win32
		{B38FE73B-8131-374D-9929-5DFCEC6F7AF2}.RelWithDebInfo|Win32.Build.0 = RelWithDebInfo|Win32
		{6DFBEB5D-B11E-381E-89BA-446AE0D6CD7E}.Debug|Win32.ActiveCfg = Debug|Win32
		{6DFBEB5D-B11E-381E-89BA-446AE0D6CD7E}.Debug|Win32.Build.0 = Debug|Win32
		{6DFBEB5D-B11E-381E-89BA-446AE0D6CD7E}.Release|Win32.ActiveCfg = Release|Win32
		{6DFBEB5D-B11E-381E-89BA-446AE0D6CD7E}.Release|Win32.Build.0 = Release|Win32
		{6DFBEB5D-B11E-381E-89BA-446AE0D6CD7E}.MinSizeRel|Win32.ActiveCfg = MinSizeRel|Win32
		{6DFBEB5D-B11E-381E-89BA-446AE0D6CD7E}.MinSizeRel|Win32.Build.0 = MinSizeRel|Win32
		{6DFBEB5D-B11E-381E-89BA-446AE0D6CD7E}.RelWithDebInfo|Win32.ActiveCfg = RelWithDebInfo|Win32
		{6DFBEB5D-B11E-381E-89BA-446AE0D6CD7E}.RelWithDebInfo|Win32.Build.0 = RelWithDebInfo|Win32
		{1B7A30E8-6092-353E-A88C-C53F11E63F4E}.Debug|Win32.ActiveCfg = Debug|Win32
		{1B7A30E8-6092-353E-A88C-C53F11E63F4E}.Debug|Win32.Build.0 = Debug|Win32
		{1B7A30E8-6092-353E-A88C-C53F11E63F4E}.Release|Win32.ActiveCfg = Release|Win32
		{1B7A30E8-6092-353E-A88C-C53F11E63F4E}.Release|Win32.Build.0 = Release|Win32
		{1B7A30E8-6092-353E-A88C-C53F11E63F4E}.MinSizeRel|Win32.ActiveCfg = MinSizeRel|Win32
		{1B7A30E8-6092-353E-A88C-C53F11E63F4E}.MinSizeRel|Win32.Build.0 = MinSizeRel|Win32
		{1B7A30E8-6092-353E-A88C-C53F11E63F4E}.RelWithDebInfo|Win32.ActiveCfg = RelWithDebInfo|Win32
		{1B7A30E8-6092-353E-A88C-C53F11E63F4E}.RelWithDebInfo|Win32.Build.0 = RelWithDebInfo|Win32
		{9413ECFA-0239-31EB-A7E5-DF216E365F64}.Debug|Win32.ActiveCfg = Debug|Win32
		{9413ECFA-0239-31EB-A7E5-DF216E365F64}.Debug|Win32.Build.0 = Debug|Win32
		{9413ECFA-0239-31EB-A7E5-DF216E365F64}.Release|Win32.ActiveCfg = Release|Win32
		{9413ECFA-0239-31EB-A7E5-DF216E365F64}.Release|Win32.Build.0 = Release|Win32
		{9413ECFA-0239-31EB-A7E5-DF216E365F64}.MinSizeRel|Win32.ActiveCfg = MinSizeRel|Win32
		{9413ECFA-0239-31EB-A7E5-DF216E365F64}.MinSizeRel|Win32.Build.0 = MinSizeRel|Win32
		{9413ECFA-0239-31EB-A7E5-DF216E365F64}.RelWithDebInfo|Win32.ActiveCfg = RelWithDebInfo|Win32
		{9413ECFA-0239-31EB-A7E5-DF216E365F64}.RelWithDebInfo|Win32.Build.0 = RelWithDebInfo|Win32
		{E47CD2BB-9FEA-3D98-9057-946E87F2D69D}.Debug|Win32.ActiveCfg = Debug|Win32
		{E47CD2BB-9FEA-3D98-9057-946E87F2D69D}.Debug|Win32.Build.0 = Debug|Win32
		{E47CD2BB-9FEA-3D98-9057-946E87F2D69D}.Release|Win32.ActiveCfg = Release|Win32
		{E47CD2BB-9FEA-3D98-9057-946E87F2D69D}.Release|Win32.Build.0 = Release|Win32
		{E47CD2BB-9FEA-3D98-9057-946E87F2D69D}.MinSizeRel|Win32.ActiveCfg = MinSizeRel|Win32
		{E47CD2BB-9FEA-3D98-9057-946E87F2D69D}.MinSizeRel|Win32.Build.0 = MinSizeRel|Win32
		{E47CD2BB-9FEA-3D98-9057-946E87F2D69D}.RelWithDebInfo|Win32.ActiveCfg = RelWithDebInfo|Win32
		{E47CD2BB-9FEA-3D98-9057-946E87F2D69D}.RelWithDebInfo|Win32.Build.0 = RelWithDebInfo|Win32
		{3AF106AC-3025-34D7-A749-BBBFDD978531}.Debug|Win32.ActiveCfg = Debug|Win32
		{3AF106AC-3025-34D7-A749-BBBFDD978531}.Debug|Win32.Build.0 = Debug|Win32
		{3AF106AC-3025-34D7-A749-BBBFDD978531}.Release|Win32.ActiveCfg = Release|Win32
		{3AF106AC-3025-34D7-A749-BBBFDD978531}.Release|Win32.Build.0 = Release|Win32
		{3AF106AC-3025-34D7-A749-BBBFDD978531}.MinSizeRel|Win32.ActiveCfg = MinSizeRel|Win32
		{3AF106AC-3025-34D7-A749-BBBFDD978531}.MinSizeRel|Win32.Build.0 = MinSizeRel|Win32
		{3AF106AC-3025-34D7-A749-BBBFDD978531}.RelWithDebInfo|Win32.ActiveCfg = RelWithDebInfo|Win32
		{3AF106AC-3025-34D7-A749-BBBFDD978531}.RelWithDebInfo|Win32.Build.0 = RelWithDebInfo|Win32
		{00CD2613-43C3-362B-94FB-2340E26BD06C}.Debug|Win32.ActiveCfg = Debug|Win32
		{00CD2613-43C3-362B-94FB-2340E26BD06C}.Debug|Win32.Build.0 = Debug|Win32
		{00CD2613-43C3-362B-94FB-2340E26BD06C}.Release|Win32.ActiveCfg = Release|Win32
		{00CD2613-43C3-362B-94FB-2340E26BD06C}.Release|Win32.Build.0 = Release|Win32
		{00CD2613-43C3-362B-94FB-2340E26BD06C}.MinSizeRel|Win32.ActiveCfg = MinSizeRel|Win32
		{00CD2613-43C3-362B-94FB-2340E26BD06C}.MinSizeRel|Win32.Build.0 = MinSizeRel|Win32
		{00CD2613-43C3-362B-94FB-2340E26BD06C}.RelWithDebInfo|Win32.ActiveCfg = RelWithDebInfo|Win32
		{00CD2613-43C3-362B-94FB-2340E26BD06C}.RelWithDebInfo|Win32.Build.0 = RelWithDebInfo|Win32
		{99DBD9D2-93BE-3008-AAE8-36120CB84117}.Debug|Win32.ActiveCfg = Debug|Win32
		{99DBD9D2-93BE-3008-AAE8-36120CB84117}.Debug|Win32.Build.0 = Debug|Win32
		{99DBD9D2-93BE-3008-AAE8-36120CB84117}.Release|Win32.ActiveCfg = Release|Win32
		{99DBD9D2-93BE-3008-AAE8-36120CB84117}.Release|Win32.Build.0 = Release|Win32
		{99DBD9D2-93BE-3008-AAE8-36120CB84117}.MinSizeRel|Win32.ActiveCfg = MinSizeRel|Win32
		{99DBD9D2-93BE-3008-AAE8-36120CB84117}.MinSizeRel|Win32.Build.0 = MinSizeRel|Win32
		{99DBD9D2-93BE-3008-AAE8-36120CB84117}.RelWithDebInfo|Win32.ActiveCfg = RelWithDebInfo|Win32
		{99DBD9D2-93BE-3008-AAE8-36120CB84117}.RelWithDebInfo|Win32.Build.0 = RelWithDebInfo|Win32
		{6813E51C-9122-3281-ABDD-BAE0B5E7B8BF}.Debug|Win32.ActiveCfg = Debug|Win32
		{6813E51C-9122-3281-ABDD-BAE0B5E7B8BF}.Debug|Win32.Build.0 = Debug|Win32
		{6813E51C-9122-3281-ABDD-BAE0B5E7B8BF}.Release|Win32.ActiveCfg = Release|Win32
		{6813E51C-9122-3281-ABDD-BAE0B5E7B8BF}.Release|Win32.Build.0 = Release|Win32
		{6813E51C-9122-3281-ABDD-BAE0B5E7B8BF}.MinSizeRel|Win32.ActiveCfg = MinSizeRel|Win32
		{6813E51C-9122-3281-ABDD-BAE0B5E7B8BF}.MinSizeRel|Win32.Build.0 = MinSizeRel|Win32
		{6813E51C-9122-3281-ABDD-BAE0B5E7B8BF}.RelWithDebInfo|Win32.ActiveCfg = RelWithDebInfo|Win32
		{6813E51C-9122-3281-ABDD-BAE0B5E7B8BF}.RelWithDebInfo|Win32.Build.0 = RelWithDebInfo|Win32
		{6F282005-86D0-38DC-B3A6-88C704453399}.Debug|Win32.ActiveCfg = Debug|Win32
		{6F282005-86D0-38DC-B3A6-88C704453399}.Debug|Win32.Build.0 = Debug|Win32
		{6F282005-86D0-38DC-B3A6-88C704453399}.Release|Win32.ActiveCfg = Release|Win32
		{6F282005-86D0-38DC-B3A6-88C704453399}.Release|Win32.Build.0 = Release|Win32
		{6F282005-86D0-38DC-B3A6-88C704453399}.MinSizeRel|Win32.ActiveCfg = MinSizeRel|Win32
		{6F282005-86D0-38DC-B3A6-88C704453399}.MinSizeRel|Win32.Build.0 = MinSizeRel|Win32
		{6F282005-86D0-38DC-B3A6-88C704453399}.RelWithDebInfo|Win32.ActiveCfg = RelWithDebInfo|Win32
		{6F282005-86D0-38DC-B3A6-88C704453399}.RelWithDebInfo|Win32.Build.0 = RelWithDebInfo|Win32
		{6EFC5DD3-5603-3EF3-83E6-F4707ADD4271}.Debug|Win32.ActiveCfg = Debug|Win32
		{6EFC5DD3-5603-3EF3-83E6-F4707ADD4271}.Debug|Win32.Build.0 = Debug|Win32
		{6EFC5DD3-5603-3EF3-83E6-F4707ADD4271}.Release|Win32.ActiveCfg = Release|Win32
		{6EFC5DD3-5603-3EF3-83E6-F4707ADD4271}.Release|Win32.Build.0 = Release|Win32
		{6EFC5DD3-5603-3EF3-83E6-F4707ADD4271}.MinSizeRel|Win32.ActiveCfg = MinSizeRel|Win32
		{6EFC5DD3-5603-3EF3-83E6-F4707ADD4271}.MinSizeRel|Win32.Build.0 = MinSizeRel|Win32
		{6EFC5DD3-5603-3EF3-83E6-F4707ADD4271}.RelWithDebInfo|Win32.ActiveCfg = RelWithDebInfo|Win32
		{6EFC5DD3-5603-3EF3-83E6-F4707ADD4271}.RelWithDebInfo|Win32.Build.0 = RelWithDebInfo|Win32
		{088FC20E-509C-39B8-AE68-D6F6706EBBB9}.Debug|Win32.ActiveCfg = Debug|Win32
		{088FC20E-509C-39B8-AE68-D6F6706EBBB9}.Debug|Win32.Build.0 = Debug|Win32
		{088FC20E-509C-39B8-AE68-D6F6706EBBB9}.Release|Win32.ActiveCfg = Release|Win32
		{088FC20E-509C-39B8-AE68-D6F6706EBBB9}.Release|Win32.Build.0 = Release|Win32
		{088FC20E-509C-39B8-AE68-D6F6706EBBB9}.MinSizeRel|Win32.ActiveCfg = MinSizeRel|Win32
		{088FC20E-509C-39B8-AE68-D6F6706EBBB9}.MinSizeRel|Win32.Build.0 = MinSizeRel|Win32
		{088FC20E-509C-39B8-AE68-D6F6706EBBB9}.RelWithDebInfo|Win32.ActiveCfg = RelWithDebInfo|Win32
		{088FC20E-509C-39B8-AE68-D6F6706EBBB9}.RelWithDebInfo|Win32.Build.0 = RelWithDebInfo|Win32
		{19279F5A-BA4C-375D-B613-1140F72010B3}.Debug|Win32.ActiveCfg = Debug|Win32
		{19279F5A-BA4C-375D-B613-1140F72010B3}.Debug|Win32.Build.0 = Debug|Win32
		{19279F5A-BA4C-375D-B613-1140F72010B3}.Release|Win32.ActiveCfg = Release|Win32
		{19279F5A-BA4C-375D-B613-1140F72010B3}.Release|Win32.Build.0 = Release|Win32
		{19279F5A-BA4C-375D-B613-1140F72010B3}.MinSizeRel|Win32.ActiveCfg = MinSizeRel|Win32
		{19279F5A-BA4C-375D-B613-1140F72010B3}.MinSizeRel|Win32.Build.0 = MinSizeRel|Win32
		{19279F5A-BA4C-375D-B613-1140F72010B3}.RelWithDebInfo|Win32.ActiveCfg = RelWithDebInfo|Win32
		{19279F5A-BA4C-375D-B613-1140F72010B3}.RelWithDebInfo|Win32.Build.0 = RelWithDebInfo|Win32
		{3FFA347C-B905-310E-9BB2-4370FF76A8EB}.Debug|Win32.ActiveCfg = Debug|Win32
		{3FFA347C-B905-310E-9BB2-4370FF76A8EB}.Debug|Win32.Build.0 = Debug|Win32
		{3FFA347C-B905-310E-9BB2-4370FF76A8EB}.Release|Win32.ActiveCfg = Release|Win32
		{3FFA347C-B905-310E-9BB2-4370FF76A8EB}.Release|Win32.Build.0 = Release|Win32
		{3FFA347C-B905-310E-9BB2-4370FF76A8EB}.MinSizeRel|Win32.ActiveCfg = MinSizeRel|Win32
		{3FFA347C-B905-310E-9BB2-4370FF76A8EB}.MinSizeRel|Win32.Build.0 = MinSizeRel|Win32
		{3FFA347C-B905-310E-9BB2-4370FF76A8EB}.RelWithDebInfo|Win32.ActiveCfg = RelWithDebInfo|Win32
		{3FFA347C-B905-310E-9BB2-4370FF76A8EB}.RelWithDebInfo|Win32.Build.0 = RelWithDebInfo|Win32
		{1D2B9B59-37AB-361A-AEDC-0B9E4D5E3B43}.Debug|Win32.ActiveCfg = Debug|Win32
		{1D2B9B59-37AB-361A-AEDC-0B9E4D5E3B43}.Debug|Win32.Build.0 = Debug|Win32
		{1D2B9B59-37AB-361A-AEDC-0B9E4D5E3B43}.Release|Win32.ActiveCfg = Release|Win32
		{1D2B9B59-37AB-361A-AEDC-0B9E4D5E3B43}.Release|Win32.Build.0 = Release|Win32
		{1D2B9B59-37AB-361A-AEDC-0B9E4D5E3B43}.MinSizeRel|Win32.ActiveCfg = MinSizeRel|Win32
		{1D2B9B59-37AB-361A-AEDC-0B9E4D5E3B43}.MinSizeRel|Win32.Build.0 = MinSizeRel|Win32
		{1D2B9B59-37AB-361A-AEDC-0B9E4D5E3B43}.RelWithDebInfo|Win32.ActiveCfg = RelWithDebInfo|Win32
		{1D2B9B59-37AB-361A-AEDC-0B9E4D5E3B43}.RelWithDebInfo|Win32.Build.0 = RelWithDebInfo|Win32
		{7A7A77D2-D76B-38F6-92DE-674D6C181CFE}.Debug|Win32.ActiveCfg = Debug|Win32
		{7A7A77D2-D76B-38F6-92DE-674D6C181CFE}.Debug|Win32.Build.0 = Debug|Win32
		{7A7A77D2-D76B-38F6-92DE-674D6C181CFE}.Release|Win32.ActiveCfg = Release|Win32
		{7A7A77D2-D76B-38F6-92DE-674D6C181CFE}.Release|Win32.Build.0 = Release|Win32
		{7A7A77D2-D76B-38F6-92DE-674D6C181CFE}.MinSizeRel|Win32.ActiveCfg = MinSizeRel|Win32
		{7A7A77D2-D76B-38F6-92DE-674D6C181CFE}.MinSizeRel|Win32.Build.0 = MinSizeRel|Win32
		{7A7A77D2-D76B-38F6-92DE-674D6C181CFE}.RelWithDebInfo|Win32.ActiveCfg = RelWithDebInfo|Win32
		{7A7A77D2-D76B-38F6-92DE-674D6C181CFE}.RelWithDebInfo|Win32.Build.0 = RelWithDebInfo|Win32
		{3DB60EEB-015D-3145-9660-1B35D61D2DB5}.Debug|Win32.ActiveCfg = Debug|Win32
		{3DB60EEB-015D-3145-9660-1B35D61D2DB5}.Debug|Win32.Build.0 = Debug|Win32
		{3DB60EEB-015D-3145-9660-1B35D61D2DB5}.Release|Win32.ActiveCfg = Release|Win32
		{3DB60EEB-015D-3145-9660-1B35D61D2DB5}.Release|Win32.Build.0 = Release|Win32
		{3DB60EEB-015D-3145-9660-1B35D61D2DB5}.MinSizeRel|Win32.ActiveCfg = MinSizeRel|Win32
		{3DB60EEB-015D-3145-9660-1B35D61D2DB5}.MinSizeRel|Win32.Build.0 = MinSizeRel|Win32
		{3DB60EEB-015D-3145-9660-1B35D61D2DB5}.RelWithDebInfo|Win32.ActiveCfg = RelWithDebInfo|Win32
		{3DB60EEB-015D-3145-9660-1B35D61D2DB5}.RelWithDebInfo|Win32.Build.0 = RelWithDebInfo|Win32
		{D19A64D5-A8D9-3032-A4EF-8EFA23073CA9}.Debug|Win32.ActiveCfg = Debug|Win32
		{D19A64D5-A8D9-3032-A4EF-8EFA23073CA9}.Debug|Win32.Build.0 = Debug|Win32
		{D19A64D5-A8D9-3032-A4EF-8EFA23073CA9}.Release|Win32.ActiveCfg = Release|Win32
		{D19A64D5-A8D9-3032-A4EF-8EFA23073CA9}.Release|Win32.Build.0 = Release|Win32
		{D19A64D5-A8D9-3032-A4EF-8EFA23073CA9}.MinSizeRel|Win32.ActiveCfg = MinSizeRel|Win32
		{D19A64D5-A8D9-3032-A4EF-8EFA23073CA9}.MinSizeRel|Win32.Build.0 = MinSizeRel|Win32
		{D19A64D5-A8D9-3032-A4EF-8EFA23073CA9}.RelWithDebInfo|Win32.ActiveCfg = RelWithDebInfo|Win32
		{D19A64D5-A8D9-3032-A4EF-8EFA23073CA9}.RelWithDebInfo|Win32.Build.0 = RelWithDebInfo|Win32
		{A098ED9E-EDAE-3C02-8EA5-C19E26EA52B7}.Debug|Win32.ActiveCfg = Debug|Win32
		{A098ED9E-EDAE-3C02-8EA5-C19E26EA52B7}.Debug|Win32.Build.0 = Debug|Win32
		{A098ED9E-EDAE-3C02-8EA5-C19E26EA52B7}.Release|Win32.ActiveCfg = Release|Win32
		{A098ED9E-EDAE-3C02-8EA5-C19E26EA52B7}.Release|Win32.Build.0 = Release|Win32
		{A098ED9E-EDAE-3C02-8EA5-C19E26EA52B7}.MinSizeRel|Win32.ActiveCfg = MinSizeRel|Win32
		{A098ED9E-EDAE-3C02-8EA5-C19E26EA52B7}.MinSizeRel|Win32.Build.0 = MinSizeRel|Win32
		{A098ED9E-EDAE-3C02-8EA5-C19E26EA52B7}.RelWithDebInfo|Win32.ActiveCfg = RelWithDebInfo|Win32
		{A098ED9E-EDAE-3C02-8EA5-C19E26EA52B7}.RelWithDebInfo|Win32.Build.0 = RelWithDebInfo|Win32
		{B3B7F471-96E1-3ABA-82B9-F9B50569B3B4}.Debug|Win32.ActiveCfg = Debug|Win32
		{B3B7F471-96E1-3ABA-82B9-F9B50569B3B4}.Debug|Win32.Build.0 = Debug|Win32
		{B3B7F471-96E1-3ABA-82B9-F9B50569B3B4}.Release|Win32.ActiveCfg = Release|Win32
		{B3B7F471-96E1-3ABA-82B9-F9B50569B3B4}.Release|Win32.Build.0 = Release|Win32
		{B3B7F471-96E1-3ABA-82B9-F9B50569B3B4}.MinSizeRel|Win32.ActiveCfg = MinSizeRel|Win32
		{B3B7F471-96E1-3ABA-82B9-F9B50569B3B4}.MinSizeRel|Win32.Build.0 = MinSizeRel|Win32
		{B3B7F471-96E1-3ABA-82B9-F9B50569B3B4}.RelWithDebInfo|Win32.ActiveCfg = RelWithDebInfo|Win32
		{B3B7F471-96E1-3ABA-82B9-F9B50569B3B4}.RelWithDebInfo|Win32.Build.0 = RelWithDebInfo|Win32
		{6580DA8B-C6A0-3DB9-98D8-4771C122460F}.Debug|Win32.ActiveCfg = Debug|Win32
		{6580DA8B-C6A0-3DB9-98D8-4771C122460F}.Debug|Win32.Build.0 = Debug|Win32
		{6580DA8B-C6A0-3DB9-98D8-4771C122460F}.Release|Win32.ActiveCfg = Release|Win32
		{6580DA8B-C6A0-3DB9-98D8-4771C122460F}.Release|Win32.Build.0 = Release|Win32
		{6580DA8B-C6A0-3DB9-98D8-4771C122460F}.MinSizeRel|Win32.ActiveCfg = MinSizeRel|Win32
		{6580DA8B-C6A0-3DB9-98D8-4771C122460F}.MinSizeRel|Win32.Build.0 = MinSizeRel|Win32
		{6580DA8B-C6A0-3DB9-98D8-4771C122460F}.RelWithDebInfo|Win32.ActiveCfg = RelWithDebInfo|Win32
		{6580DA8B-C6A0-3DB9-98D8-4771C122460F}.RelWithDebInfo|Win32.Build.0 = RelWithDebInfo|Win32
		{6677AD8D-E3EC-377E-94B3-5BE78617BFF4}.Debug|Win32.ActiveCfg = Debug|Win32
		{6677AD8D-E3EC-377E-94B3-5BE78617BFF4}.Debug|Win32.Build.0 = Debug|Win32
		{6677AD8D-E3EC-377E-94B3-5BE78617BFF4}.Release|Win32.ActiveCfg = Release|Win32
		{6677AD8D-E3EC-377E-94B3-5BE78617BFF4}.Release|Win32.Build.0 = Release|Win32
		{6677AD8D-E3EC-377E-94B3-5BE78617BFF4}.MinSizeRel|Win32.ActiveCfg = MinSizeRel|Win32
		{6677AD8D-E3EC-377E-94B3-5BE78617BFF4}.MinSizeRel|Win32.Build.0 = MinSizeRel|Win32
		{6677AD8D-E3EC-377E-94B3-5BE78617BFF4}.RelWithDebInfo|Win32.ActiveCfg = RelWithDebInfo|Win32
		{6677AD8D-E3EC-377E-94B3-5BE78617BFF4}.RelWithDebInfo|Win32.Build.0 = RelWithDebInfo|Win32
		{DF9D1922-E4AA-3FB6-9C80-975006E91E8A}.Debug|Win32.ActiveCfg = Debug|Win32
		{DF9D1922-E4AA-3FB6-9C80-975006E91E8A}.Debug|Win32.Build.0 = Debug|Win32
		{DF9D1922-E4AA-3FB6-9C80-975006E91E8A}.Release|Win32.ActiveCfg = Release|Win32
		{DF9D1922-E4AA-3FB6-9C80-975006E91E8A}.Release|Win32.Build.0 = Release|Win32
		{DF9D1922-E4AA-3FB6-9C80-975006E91E8A}.MinSizeRel|Win32.ActiveCfg = MinSizeRel|Win32
		{DF9D1922-E4AA-3FB6-9C80-975006E91E8A}.MinSizeRel|Win32.Build.0 = MinSizeRel|Win32
		{DF9D1922-E4AA-3FB6-9C80-975006E91E8A}.RelWithDebInfo|Win32.ActiveCfg = RelWithDebInfo|Win32
		{DF9D1922-E4AA-3FB6-9C80-975006E91E8A}.RelWithDebInfo|Win32.Build.0 = RelWithDebInfo|Win32
		{C884F8A1-53FD-3C97-949E-26C047B39595}.Debug|Win32.ActiveCfg = Debug|Win32
		{C884F8A1-53FD-3C97-949E-26C047B39595}.Release|Win32.ActiveCfg = Release|Win32
		{C884F8A1-53FD-3C97-949E-26C047B39595}.MinSizeRel|Win32.ActiveCfg = MinSizeRel|Win32
		{C884F8A1-53FD-3C97-949E-26C047B39595}.RelWithDebInfo|Win32.ActiveCfg = RelWithDebInfo|Win32
		{C099410B-09A0-368C-A63F-B2019E7E316B}.Debug|Win32.ActiveCfg = Debug|Win32
		{C099410B-09A0-368C-A63F-B2019E7E316B}.Debug|Win32.Build.0 = Debug|Win32
		{C099410B-09A0-368C-A63F-B2019E7E316B}.Release|Win32.ActiveCfg = Release|Win32
		{C099410B-09A0-368C-A63F-B2019E7E316B}.Release|Win32.Build.0 = Release|Win32
		{C099410B-09A0-368C-A63F-B2019E7E316B}.MinSizeRel|Win32.ActiveCfg = MinSizeRel|Win32
		{C099410B-09A0-368C-A63F-B2019E7E316B}.MinSizeRel|Win32.Build.0 = MinSizeRel|Win32
		{C099410B-09A0-368C-A63F-B2019E7E316B}.RelWithDebInfo|Win32.ActiveCfg = RelWithDebInfo|Win32
		{C099410B-09A0-368C-A63F-B2019E7E316B}.RelWithDebInfo|Win32.Build.0 = RelWithDebInfo|Win32
		{ABA192F9-E776-33F7-85EA-3C31FC3C25A7}.Debug|Win32.ActiveCfg = Debug|Win32
		{ABA192F9-E776-33F7-85EA-3C31FC3C25A7}.Debug|Win32.Build.0 = Debug|Win32
		{ABA192F9-E776-33F7-85EA-3C31FC3C25A7}.Release|Win32.ActiveCfg = Release|Win32
		{ABA192F9-E776-33F7-85EA-3C31FC3C25A7}.Release|Win32.Build.0 = Release|Win32
		{ABA192F9-E776-33F7-85EA-3C31FC3C25A7}.MinSizeRel|Win32.ActiveCfg = MinSizeRel|Win32
		{ABA192F9-E776-33F7-85EA-3C31FC3C25A7}.MinSizeRel|Win32.Build.0 = MinSizeRel|Win32
		{ABA192F9-E776-33F7-85EA-3C31FC3C25A7}.RelWithDebInfo|Win32.ActiveCfg = RelWithDebInfo|Win32
		{ABA192F9-E776-33F7-85EA-3C31FC3C25A7}.RelWithDebInfo|Win32.Build.0 = RelWithDebInfo|Win32
		{B98745C1-C1AC-397E-90C3-BD30E2162B9D}.Debug|Win32.ActiveCfg = Debug|Win32
		{B98745C1-C1AC-397E-90C3-BD30E2162B9D}.Debug|Win32.Build.0 = Debug|Win32
		{B98745C1-C1AC-397E-90C3-BD30E2162B9D}.Release|Win32.ActiveCfg = Release|Win32
		{B98745C1-C1AC-397E-90C3-BD30E2162B9D}.Release|Win32.Build.0 = Release|Win32
		{B98745C1-C1AC-397E-90C3-BD30E2162B9D}.MinSizeRel|Win32.ActiveCfg = MinSizeRel|Win32
		{B98745C1-C1AC-397E-90C3-BD30E2162B9D}.MinSizeRel|Win32.Build.0 = MinSizeRel|Win32
		{B98745C1-C1AC-397E-90C3-BD30E2162B9D}.RelWithDebInfo|Win32.ActiveCfg = RelWithDebInfo|Win32
		{B98745C1-C1AC-397E-90C3-BD30E2162B9D}.RelWithDebInfo|Win32.Build.0 = RelWithDebInfo|Win32
	EndGlobalSection
	GlobalSection(NestedProjects) = preSolution
		{E097B4C6-0C49-3F90-B140-6A7E07607996} = {3CBA1518-AE30-39FE-9AC4-D020C774C6FE}
		{9718FED6-C047-39C7-A640-532A3AC553AF} = {3CBA1518-AE30-39FE-9AC4-D020C774C6FE}
		{A26B533F-4140-3CD1-AB89-5F265065645A} = {3CBA1518-AE30-39FE-9AC4-D020C774C6FE}
		{53394703-CB49-35D2-8958-A71763E0DC9B} = {FB87D011-DFBF-3377-80F2-C2F3B8C71808}
		{0D9408F1-4E1E-3FF8-BD97-BFEA4B5DAC76} = {FB87D011-DFBF-3377-80F2-C2F3B8C71808}
		{ADF98A35-22B5-3BC0-8DF9-D860B7C03811} = {FB87D011-DFBF-3377-80F2-C2F3B8C71808}
		{554D218E-EDC4-31F6-AA4D-0E4D732E4B98} = {53394703-CB49-35D2-8958-A71763E0DC9B}
		{0A4BCB82-29A5-36DE-A5D7-95ABD343DD65} = {53394703-CB49-35D2-8958-A71763E0DC9B}
		{2A9948C9-B509-3210-9850-E1F0B623704B} = {53394703-CB49-35D2-8958-A71763E0DC9B}
		{3CB237E5-9DA8-3CA3-8D53-9BF03900DFDE} = {53394703-CB49-35D2-8958-A71763E0DC9B}
		{0B1D5204-A87E-33CE-8BD9-81D1404212FC} = {53394703-CB49-35D2-8958-A71763E0DC9B}
		{EA0656FE-4007-33DC-8C04-8ED82D459A2E} = {53394703-CB49-35D2-8958-A71763E0DC9B}
		{C099410B-09A0-368C-A63F-B2019E7E316B} = {53394703-CB49-35D2-8958-A71763E0DC9B}
		{ECB00320-A89F-3B2E-BB82-A1ADF59A0665} = {0D9408F1-4E1E-3FF8-BD97-BFEA4B5DAC76}
		{666033E9-4A11-33C2-99C1-68F846FC0C3D} = {0D9408F1-4E1E-3FF8-BD97-BFEA4B5DAC76}
		{C8A67628-3DEA-3D0F-A255-CE4F34C10A61} = {0D9408F1-4E1E-3FF8-BD97-BFEA4B5DAC76}
		{8C2ABC86-DEFF-3711-AA95-B80C874999A3} = {0D9408F1-4E1E-3FF8-BD97-BFEA4B5DAC76}
		{0672960C-F081-3595-B5B1-FE2D2CA85725} = {0D9408F1-4E1E-3FF8-BD97-BFEA4B5DAC76}
		{372B37EA-BF60-33AC-87A3-08F4473018D8} = {0D9408F1-4E1E-3FF8-BD97-BFEA4B5DAC76}
		{532741CB-8BA2-320E-A452-3C7C69F9136F} = {0D9408F1-4E1E-3FF8-BD97-BFEA4B5DAC76}
		{5161DB5F-1B37-396B-8265-1D68350D5D51} = {0D9408F1-4E1E-3FF8-BD97-BFEA4B5DAC76}
		{10A68236-B19C-30EF-BCDE-171C77BC697E} = {0D9408F1-4E1E-3FF8-BD97-BFEA4B5DAC76}
		{95BB348A-A503-316C-AD0F-F2B68E70B7B4} = {0D9408F1-4E1E-3FF8-BD97-BFEA4B5DAC76}
		{55B116E8-F03B-30A1-8125-983CAD47FBF7} = {0D9408F1-4E1E-3FF8-BD97-BFEA4B5DAC76}
		{76BDB127-6645-35A9-B422-340C2D6A9DE7} = {0D9408F1-4E1E-3FF8-BD97-BFEA4B5DAC76}
		{AA1E394F-4836-3BD8-B9AF-7ADE75537D02} = {0D9408F1-4E1E-3FF8-BD97-BFEA4B5DAC76}
		{844FE4C3-DAC0-3705-A515-D329C42BB7F8} = {0D9408F1-4E1E-3FF8-BD97-BFEA4B5DAC76}
		{B38FE73B-8131-374D-9929-5DFCEC6F7AF2} = {0D9408F1-4E1E-3FF8-BD97-BFEA4B5DAC76}
		{ABA192F9-E776-33F7-85EA-3C31FC3C25A7} = {0D9408F1-4E1E-3FF8-BD97-BFEA4B5DAC76}
	EndGlobalSection
	GlobalSection(ExtensibilityGlobals) = postSolution
		SolutionGuid = {34238042-1EE6-3E03-8853-AAC5DC040B41}
	EndGlobalSection
	GlobalSection(ExtensibilityAddIns) = postSolution
	EndGlobalSection
EndGlobal
